<?xml version="1.0" encoding="utf-8"?>
<Project ToolsVersion="4.0" xmlns="http://schemas.microsoft.com/developer/msbuild/2003">
  <ItemGroup>
    <Filter Include="Source Files">
      <UniqueIdentifier>{b9a91dbb-c13f-435c-a619-17c7221f43d0}</UniqueIdentifier>
      <Extensions>cpp;c;cxx;rc;def;r;odl;idl;hpj;bat</Extensions>
    </Filter>
    <Filter Include="Header Files">
      <UniqueIdentifier>{e8510760-e695-4721-ab47-2635236ee884}</UniqueIdentifier>
      <Extensions>h;hpp;hxx;hm;inl</Extensions>
    </Filter>
  </ItemGroup>
  <ItemGroup>
    <ClCompile Include="ExceptionUnitTests.cpp">
      <Filter>Source Files</Filter>
    </ClCompile>
    <ClCompile Include="StdAfxUnitTests.cpp">
      <Filter>Source Files</Filter>
    </ClCompile>
    <ClCompile Include="Win32ExceptionUnitTests.cpp">
      <Filter>Source Files</Filter>
    </ClCompile>
  </ItemGroup>
  <ItemGroup>
    <ResourceCompile Include="ExceptionUnitTests.rc">
      <Filter>Source Files</Filter>
    </ResourceCompile>
  </ItemGroup>
  <ItemGroup>
    <ClInclude Include="StdAfxUnitTests.h">
      <Filter>Header Files</Filter>
    </ClInclude>
    <ClInclude Include="Win32ExceptionUnitTests.h">
      <Filter>Header Files</Filter>
    </ClInclude>
  </ItemGroup>
</Project>