Microsoft Visual Studio Solution File, Format Version 9.00
# Visual Studio 2005
Project("{8BC9CEB8-8B4A-11D0-8D11-00A0C91BC942}") = "String", "src\Common\String\String.vcproj", "{43E36397-B2E6-44BE-AAD2-ED10F228F285}"
EndProject
Project("{2150E333-8FDC-42A3-9474-1A3956D46DE8}") = "Common", "Common", "{B67B4B5B-A342-4C17-8B7F-02D668A7871D}"
EndProject
Project("{8BC9CEB8-8B4A-11D0-8D11-00A0C91BC942}") = "File", "src\Common\File\File.vcproj", "{06498701-4459-4045-A31B-F448EF7475C4}"
EndProject
Project("{FAE04EC0-301F-11D3-BF4B-00C04F79EFBC}") = "Version", "src\Version\Version.csproj", "{DF9B8E13-AD32-4FEA-83CB-5048234FC2F3}"
EndProject
Project("{2150E333-8FDC-42A3-9474-1A3956D46DE8}") = "Tests", "Tests", "{E2F6213E-EBE7-4FDD-A128-C20CE6CCEAD7}"
EndProject
Project("{2150E333-8FDC-42A3-9474-1A3956D46DE8}") = "Source", "Source", "{76D20268-20EB-4E99-B827-A32D2A23BC13}"
EndProject
Project("{2150E333-8FDC-42A3-9474-1A3956D46DE8}") = "Common", "Common", "{038D3510-EDC5-4F27-B056-C1C797CF0027}"
EndProject
Project("{8BC9CEB8-8B4A-11D0-8D11-00A0C91BC942}") = "FileUnitTests", "src\Common\File\FileUnitTests.vcproj", "{35414027-D719-4D28-A2B7-EBBF14DFEB20}"
	ProjectSection(ProjectDependencies) = postProject
		{5E81850B-E6B8-4FCD-83EC-3BBC04736EA9} = {5E81850B-E6B8-4FCD-83EC-3BBC04736EA9}
		{DF9B8E13-AD32-4FEA-83CB-5048234FC2F3} = {DF9B8E13-AD32-4FEA-83CB-5048234FC2F3}
		{43E36397-B2E6-44BE-AAD2-ED10F228F285} = {43E36397-B2E6-44BE-AAD2-ED10F228F285}
		{E99338AC-7BD1-4F44-90D3-CE1B9DF37564} = {E99338AC-7BD1-4F44-90D3-CE1B9DF37564}
		{DEB517C1-B8B4-481A-A521-F0CAC63AC62B} = {DEB517C1-B8B4-481A-A521-F0CAC63AC62B}
		{C3DD8A73-A25D-46A0-89AF-AAC885262686} = {C3DD8A73-A25D-46A0-89AF-AAC885262686}
		{06498701-4459-4045-A31B-F448EF7475C4} = {06498701-4459-4045-A31B-F448EF7475C4}
	EndProjectSection
EndProject
Project("{8BC9CEB8-8B4A-11D0-8D11-00A0C91BC942}") = "CppUnitTests", "src\Common\CppUnitTests\CppUnitTests.vcproj", "{5E81850B-E6B8-4FCD-83EC-3BBC04736EA9}"
EndProject
Project("{8BC9CEB8-8B4A-11D0-8D11-00A0C91BC942}") = "CppUnitUnitTests", "src\Common\CppUnitTests\CppUnitUnitTests.vcproj", "{9EB04870-6DDE-4B03-8D7C-1C39E84635C9}"
	ProjectSection(ProjectDependencies) = postProject
		{DF9B8E13-AD32-4FEA-83CB-5048234FC2F3} = {DF9B8E13-AD32-4FEA-83CB-5048234FC2F3}
		{C3DD8A73-A25D-46A0-89AF-AAC885262686} = {C3DD8A73-A25D-46A0-89AF-AAC885262686}
		{5E81850B-E6B8-4FCD-83EC-3BBC04736EA9} = {5E81850B-E6B8-4FCD-83EC-3BBC04736EA9}
	EndProjectSection
EndProject
Project("{2150E333-8FDC-42A3-9474-1A3956D46DE8}") = "ThirdParty", "ThirdParty", "{6292DB7D-50F0-4519-A232-3BD5547A7F31}"
EndProject
Project("{8BC9CEB8-8B4A-11D0-8D11-00A0C91BC942}") = "Exception", "src\Common\Exception\Exception.vcproj", "{DEB517C1-B8B4-481A-A521-F0CAC63AC62B}"
EndProject
Project("{8BC9CEB8-8B4A-11D0-8D11-00A0C91BC942}") = "ExceptionUnitTests", "src\Common\Exception\ExceptionUnitTests.vcproj", "{E5FC11B0-BE87-445E-8546-CEB1A499A392}"
	ProjectSection(ProjectDependencies) = postProject
		{C3DD8A73-A25D-46A0-89AF-AAC885262686} = {C3DD8A73-A25D-46A0-89AF-AAC885262686}
		{5E81850B-E6B8-4FCD-83EC-3BBC04736EA9} = {5E81850B-E6B8-4FCD-83EC-3BBC04736EA9}
		{DF9B8E13-AD32-4FEA-83CB-5048234FC2F3} = {DF9B8E13-AD32-4FEA-83CB-5048234FC2F3}
		{43E36397-B2E6-44BE-AAD2-ED10F228F285} = {43E36397-B2E6-44BE-AAD2-ED10F228F285}
		{DEB517C1-B8B4-481A-A521-F0CAC63AC62B} = {DEB517C1-B8B4-481A-A521-F0CAC63AC62B}
	EndProjectSection
EndProject
Project("{8BC9CEB8-8B4A-11D0-8D11-00A0C91BC942}") = "AtlCom", "src\Common\AtlCom\AtlCom.vcproj", "{E99338AC-7BD1-4F44-90D3-CE1B9DF37564}"
EndProject
Project("{8BC9CEB8-8B4A-11D0-8D11-00A0C91BC942}") = "AtlComUnitTests", "src\Common\AtlCom\AtlComUnitTests.vcproj", "{B69CD67D-AA6F-4861-BA95-B0EE0B60C7EA}"
	ProjectSection(ProjectDependencies) = postProject
		{5E81850B-E6B8-4FCD-83EC-3BBC04736EA9} = {5E81850B-E6B8-4FCD-83EC-3BBC04736EA9}
		{DF9B8E13-AD32-4FEA-83CB-5048234FC2F3} = {DF9B8E13-AD32-4FEA-83CB-5048234FC2F3}
		{43E36397-B2E6-44BE-AAD2-ED10F228F285} = {43E36397-B2E6-44BE-AAD2-ED10F228F285}
		{E99338AC-7BD1-4F44-90D3-CE1B9DF37564} = {E99338AC-7BD1-4F44-90D3-CE1B9DF37564}
		{DEB517C1-B8B4-481A-A521-F0CAC63AC62B} = {DEB517C1-B8B4-481A-A521-F0CAC63AC62B}
		{C3DD8A73-A25D-46A0-89AF-AAC885262686} = {C3DD8A73-A25D-46A0-89AF-AAC885262686}
	EndProjectSection
EndProject
Project("{2150E333-8FDC-42A3-9474-1A3956D46DE8}") = "Build", "Build", "{813B45E4-01DA-48BC-8791-47AFFC5D607D}"
	ProjectSection(SolutionItems) = preProject
		build.cmd = build.cmd
		msi.proj = msi.proj
	EndProjectSection
EndProject
Project("{2150E333-8FDC-42A3-9474-1A3956D46DE8}") = "Doc", "Doc", "{AEE5FA90-C49B-4528-9DFA-3985A732270D}"
	ProjectSection(SolutionItems) = preProject
		doc\Doxyfile.template = doc\Doxyfile.template
		doc\Footer.html = doc\Footer.html
		doc\Header.html = doc\Header.html
		doc\Impersonate.dox = doc\Impersonate.dox
		doc\License.dox = doc\License.dox
		doc\Main.dox = doc\Main.dox
		doc\ThirdpartyLicenses.dox = doc\ThirdpartyLicenses.dox
		doc\WhatsNew.html = doc\WhatsNew.html
	EndProjectSection
EndProject
Project("{8BC9CEB8-8B4A-11D0-8D11-00A0C91BC942}") = "StringUnitTests", "src\Common\String\StringUnitTests.vcproj", "{E0387F64-619F-4021-B957-670B80527987}"
	ProjectSection(ProjectDependencies) = postProject
		{DF9B8E13-AD32-4FEA-83CB-5048234FC2F3} = {DF9B8E13-AD32-4FEA-83CB-5048234FC2F3}
		{43E36397-B2E6-44BE-AAD2-ED10F228F285} = {43E36397-B2E6-44BE-AAD2-ED10F228F285}
		{C3DD8A73-A25D-46A0-89AF-AAC885262686} = {C3DD8A73-A25D-46A0-89AF-AAC885262686}
		{5E81850B-E6B8-4FCD-83EC-3BBC04736EA9} = {5E81850B-E6B8-4FCD-83EC-3BBC04736EA9}
	EndProjectSection
EndProject
Project("{2150E333-8FDC-42A3-9474-1A3956D46DE8}") = "Framework", "Framework", "{415FA981-123C-4B35-8753-E925F4887709}"
EndProject
Project("{8BC9CEB8-8B4A-11D0-8D11-00A0C91BC942}") = "Msi", "src\Framework\Msi\Msi.vcproj", "{2739E0D7-C92F-4CAA-B5E7-9A97750B9F0E}"
EndProject
Project("{8BC9CEB8-8B4A-11D0-8D11-00A0C91BC942}") = "MsiShim", "src\Framework\MsiShim\MsiShim.vcproj", "{DCBAC59F-7FFC-4991-89E3-DF8B6F711F89}"
EndProject
Project("{2150E333-8FDC-42A3-9474-1A3956D46DE8}") = "Framework", "Framework", "{E0D11580-B69F-4C20-B1C1-96AD0407BB23}"
EndProject
Project("{8BC9CEB8-8B4A-11D0-8D11-00A0C91BC942}") = "MsiUnitTests", "src\Framework\Msi\MsiUnitTests.vcproj", "{A7F57F29-AEBA-4A55-A35A-ECE2EE59953C}"
	ProjectSection(ProjectDependencies) = postProject
		{C3DD8A73-A25D-46A0-89AF-AAC885262686} = {C3DD8A73-A25D-46A0-89AF-AAC885262686}
		{06498701-4459-4045-A31B-F448EF7475C4} = {06498701-4459-4045-A31B-F448EF7475C4}
		{5E81850B-E6B8-4FCD-83EC-3BBC04736EA9} = {5E81850B-E6B8-4FCD-83EC-3BBC04736EA9}
		{FB47840D-B1DF-4F35-A7B6-9652BFFBBAC8} = {FB47840D-B1DF-4F35-A7B6-9652BFFBBAC8}
		{DF9B8E13-AD32-4FEA-83CB-5048234FC2F3} = {DF9B8E13-AD32-4FEA-83CB-5048234FC2F3}
		{43E36397-B2E6-44BE-AAD2-ED10F228F285} = {43E36397-B2E6-44BE-AAD2-ED10F228F285}
		{DCBAC59F-7FFC-4991-89E3-DF8B6F711F89} = {DCBAC59F-7FFC-4991-89E3-DF8B6F711F89}
		{E99338AC-7BD1-4F44-90D3-CE1B9DF37564} = {E99338AC-7BD1-4F44-90D3-CE1B9DF37564}
		{DEB517C1-B8B4-481A-A521-F0CAC63AC62B} = {DEB517C1-B8B4-481A-A521-F0CAC63AC62B}
		{D4E537CB-AC78-4C3C-986E-D978BEEE9F09} = {D4E537CB-AC78-4C3C-986E-D978BEEE9F09}
		{2739E0D7-C92F-4CAA-B5E7-9A97750B9F0E} = {2739E0D7-C92F-4CAA-B5E7-9A97750B9F0E}
		{F83770F8-CA95-4CD9-9565-6D2965F7553B} = {F83770F8-CA95-4CD9-9565-6D2965F7553B}
	EndProjectSection
EndProject
Project("{8BC9CEB8-8B4A-11D0-8D11-00A0C91BC942}") = "MsiShimUnitTests", "src\Framework\MsiShim\MsiShimUnitTests.vcproj", "{B471E6C8-535C-43DE-AFD9-DA56307B2F03}"
	ProjectSection(ProjectDependencies) = postProject
		{5E81850B-E6B8-4FCD-83EC-3BBC04736EA9} = {5E81850B-E6B8-4FCD-83EC-3BBC04736EA9}
		{FB47840D-B1DF-4F35-A7B6-9652BFFBBAC8} = {FB47840D-B1DF-4F35-A7B6-9652BFFBBAC8}
		{DF9B8E13-AD32-4FEA-83CB-5048234FC2F3} = {DF9B8E13-AD32-4FEA-83CB-5048234FC2F3}
		{43E36397-B2E6-44BE-AAD2-ED10F228F285} = {43E36397-B2E6-44BE-AAD2-ED10F228F285}
		{DCBAC59F-7FFC-4991-89E3-DF8B6F711F89} = {DCBAC59F-7FFC-4991-89E3-DF8B6F711F89}
		{E99338AC-7BD1-4F44-90D3-CE1B9DF37564} = {E99338AC-7BD1-4F44-90D3-CE1B9DF37564}
		{DEB517C1-B8B4-481A-A521-F0CAC63AC62B} = {DEB517C1-B8B4-481A-A521-F0CAC63AC62B}
		{2739E0D7-C92F-4CAA-B5E7-9A97750B9F0E} = {2739E0D7-C92F-4CAA-B5E7-9A97750B9F0E}
		{C3DD8A73-A25D-46A0-89AF-AAC885262686} = {C3DD8A73-A25D-46A0-89AF-AAC885262686}
		{06498701-4459-4045-A31B-F448EF7475C4} = {06498701-4459-4045-A31B-F448EF7475C4}
	EndProjectSection
EndProject
Project("{2150E333-8FDC-42A3-9474-1A3956D46DE8}") = "Custom Actions", "Custom Actions", "{CC0EAF2B-2D0A-4B4D-877A-99442B45D0D7}"
EndProject
Project("{8BC9CEB8-8B4A-11D0-8D11-00A0C91BC942}") = "ActiveDirectory", "src\CustomActions\ActiveDirectory\ActiveDirectory.vcproj", "{151CB2CC-7769-4789-A4D0-DFAEE9A9133C}"
	ProjectSection(ProjectDependencies) = postProject
		{FB47840D-B1DF-4F35-A7B6-9652BFFBBAC8} = {FB47840D-B1DF-4F35-A7B6-9652BFFBBAC8}
		{DF9B8E13-AD32-4FEA-83CB-5048234FC2F3} = {DF9B8E13-AD32-4FEA-83CB-5048234FC2F3}
		{43E36397-B2E6-44BE-AAD2-ED10F228F285} = {43E36397-B2E6-44BE-AAD2-ED10F228F285}
		{E99338AC-7BD1-4F44-90D3-CE1B9DF37564} = {E99338AC-7BD1-4F44-90D3-CE1B9DF37564}
		{DEB517C1-B8B4-481A-A521-F0CAC63AC62B} = {DEB517C1-B8B4-481A-A521-F0CAC63AC62B}
		{2739E0D7-C92F-4CAA-B5E7-9A97750B9F0E} = {2739E0D7-C92F-4CAA-B5E7-9A97750B9F0E}
	EndProjectSection
EndProject
Project("{8BC9CEB8-8B4A-11D0-8D11-00A0C91BC942}") = "3rd_Party_Lib_Msi", "externals\msi\lib\3rd_Party_Lib_Msi.vcproj", "{FB47840D-B1DF-4F35-A7B6-9652BFFBBAC8}"
EndProject
Project("{2150E333-8FDC-42A3-9474-1A3956D46DE8}") = "Custom Actions", "Custom Actions", "{7BA61576-E4FC-474E-BB6F-75A66BF82ACA}"
EndProject
Project("{8BC9CEB8-8B4A-11D0-8D11-00A0C91BC942}") = "ActiveDirectoryUnitTests", "src\CustomActions\ActiveDirectory\ActiveDirectoryUnitTests.vcproj", "{26651DAC-8C43-448C-B43C-F6286C94FF01}"
	ProjectSection(ProjectDependencies) = postProject
		{C3DD8A73-A25D-46A0-89AF-AAC885262686} = {C3DD8A73-A25D-46A0-89AF-AAC885262686}
		{06498701-4459-4045-A31B-F448EF7475C4} = {06498701-4459-4045-A31B-F448EF7475C4}
		{5E81850B-E6B8-4FCD-83EC-3BBC04736EA9} = {5E81850B-E6B8-4FCD-83EC-3BBC04736EA9}
		{FB47840D-B1DF-4F35-A7B6-9652BFFBBAC8} = {FB47840D-B1DF-4F35-A7B6-9652BFFBBAC8}
		{DF9B8E13-AD32-4FEA-83CB-5048234FC2F3} = {DF9B8E13-AD32-4FEA-83CB-5048234FC2F3}
		{DE128788-21E2-448C-BB5B-40CA58903BAC} = {DE128788-21E2-448C-BB5B-40CA58903BAC}
		{43E36397-B2E6-44BE-AAD2-ED10F228F285} = {43E36397-B2E6-44BE-AAD2-ED10F228F285}
		{DCBAC59F-7FFC-4991-89E3-DF8B6F711F89} = {DCBAC59F-7FFC-4991-89E3-DF8B6F711F89}
		{E99338AC-7BD1-4F44-90D3-CE1B9DF37564} = {E99338AC-7BD1-4F44-90D3-CE1B9DF37564}
		{DEB517C1-B8B4-481A-A521-F0CAC63AC62B} = {DEB517C1-B8B4-481A-A521-F0CAC63AC62B}
		{151CB2CC-7769-4789-A4D0-DFAEE9A9133C} = {151CB2CC-7769-4789-A4D0-DFAEE9A9133C}
		{2739E0D7-C92F-4CAA-B5E7-9A97750B9F0E} = {2739E0D7-C92F-4CAA-B5E7-9A97750B9F0E}
	EndProjectSection
EndProject
Project("{8BC9CEB8-8B4A-11D0-8D11-00A0C91BC942}") = "Cryptography", "src\CustomActions\Cryptography\Cryptography.vcproj", "{2F132858-75AC-438F-9DBB-8D82C29829DB}"
	ProjectSection(ProjectDependencies) = postProject
		{3423EC9A-52E4-4A4D-9753-EDEBC38785EF} = {3423EC9A-52E4-4A4D-9753-EDEBC38785EF}
		{06498701-4459-4045-A31B-F448EF7475C4} = {06498701-4459-4045-A31B-F448EF7475C4}
		{9650B307-4CBB-40D2-B0D7-B366B8679EFF} = {9650B307-4CBB-40D2-B0D7-B366B8679EFF}
		{FB47840D-B1DF-4F35-A7B6-9652BFFBBAC8} = {FB47840D-B1DF-4F35-A7B6-9652BFFBBAC8}
		{DF9B8E13-AD32-4FEA-83CB-5048234FC2F3} = {DF9B8E13-AD32-4FEA-83CB-5048234FC2F3}
		{43E36397-B2E6-44BE-AAD2-ED10F228F285} = {43E36397-B2E6-44BE-AAD2-ED10F228F285}
		{E99338AC-7BD1-4F44-90D3-CE1B9DF37564} = {E99338AC-7BD1-4F44-90D3-CE1B9DF37564}
		{DEB517C1-B8B4-481A-A521-F0CAC63AC62B} = {DEB517C1-B8B4-481A-A521-F0CAC63AC62B}
		{2739E0D7-C92F-4CAA-B5E7-9A97750B9F0E} = {2739E0D7-C92F-4CAA-B5E7-9A97750B9F0E}
	EndProjectSection
EndProject
Project("{8BC9CEB8-8B4A-11D0-8D11-00A0C91BC942}") = "CryptographyUnitTests", "src\CustomActions\Cryptography\CryptographyUnitTests.vcproj", "{6B81385E-E200-4AE7-AF6F-CD1874234CD5}"
	ProjectSection(ProjectDependencies) = postProject
		{FB47840D-B1DF-4F35-A7B6-9652BFFBBAC8} = {FB47840D-B1DF-4F35-A7B6-9652BFFBBAC8}
		{DF9B8E13-AD32-4FEA-83CB-5048234FC2F3} = {DF9B8E13-AD32-4FEA-83CB-5048234FC2F3}
		{2F132858-75AC-438F-9DBB-8D82C29829DB} = {2F132858-75AC-438F-9DBB-8D82C29829DB}
		{9EB04870-6DDE-4B03-8D7C-1C39E84635C9} = {9EB04870-6DDE-4B03-8D7C-1C39E84635C9}
		{43E36397-B2E6-44BE-AAD2-ED10F228F285} = {43E36397-B2E6-44BE-AAD2-ED10F228F285}
		{DCBAC59F-7FFC-4991-89E3-DF8B6F711F89} = {DCBAC59F-7FFC-4991-89E3-DF8B6F711F89}
		{E99338AC-7BD1-4F44-90D3-CE1B9DF37564} = {E99338AC-7BD1-4F44-90D3-CE1B9DF37564}
		{DEB517C1-B8B4-481A-A521-F0CAC63AC62B} = {DEB517C1-B8B4-481A-A521-F0CAC63AC62B}
		{2739E0D7-C92F-4CAA-B5E7-9A97750B9F0E} = {2739E0D7-C92F-4CAA-B5E7-9A97750B9F0E}
		{3423EC9A-52E4-4A4D-9753-EDEBC38785EF} = {3423EC9A-52E4-4A4D-9753-EDEBC38785EF}
		{06498701-4459-4045-A31B-F448EF7475C4} = {06498701-4459-4045-A31B-F448EF7475C4}
		{C3DD8A73-A25D-46A0-89AF-AAC885262686} = {C3DD8A73-A25D-46A0-89AF-AAC885262686}
		{5E81850B-E6B8-4FCD-83EC-3BBC04736EA9} = {5E81850B-E6B8-4FCD-83EC-3BBC04736EA9}
	EndProjectSection
EndProject
Project("{8BC9CEB8-8B4A-11D0-8D11-00A0C91BC942}") = "DataSource", "src\CustomActions\DataSource\DataSource.vcproj", "{F2BB43B1-AF64-4831-995F-2FF1F21E3701}"
	ProjectSection(ProjectDependencies) = postProject
		{06498701-4459-4045-A31B-F448EF7475C4} = {06498701-4459-4045-A31B-F448EF7475C4}
		{FB47840D-B1DF-4F35-A7B6-9652BFFBBAC8} = {FB47840D-B1DF-4F35-A7B6-9652BFFBBAC8}
		{DF9B8E13-AD32-4FEA-83CB-5048234FC2F3} = {DF9B8E13-AD32-4FEA-83CB-5048234FC2F3}
		{43E36397-B2E6-44BE-AAD2-ED10F228F285} = {43E36397-B2E6-44BE-AAD2-ED10F228F285}
		{D5CA80A5-AF79-48B0-A19F-92E6BF9E2E51} = {D5CA80A5-AF79-48B0-A19F-92E6BF9E2E51}
		{E99338AC-7BD1-4F44-90D3-CE1B9DF37564} = {E99338AC-7BD1-4F44-90D3-CE1B9DF37564}
		{DEB517C1-B8B4-481A-A521-F0CAC63AC62B} = {DEB517C1-B8B4-481A-A521-F0CAC63AC62B}
		{D4E537CB-AC78-4C3C-986E-D978BEEE9F09} = {D4E537CB-AC78-4C3C-986E-D978BEEE9F09}
		{2739E0D7-C92F-4CAA-B5E7-9A97750B9F0E} = {2739E0D7-C92F-4CAA-B5E7-9A97750B9F0E}
		{F83770F8-CA95-4CD9-9565-6D2965F7553B} = {F83770F8-CA95-4CD9-9565-6D2965F7553B}
	EndProjectSection
EndProject
Project("{8BC9CEB8-8B4A-11D0-8D11-00A0C91BC942}") = "DataSourceUnitTests", "src\CustomActions\DataSource\DataSourceUnitTests.vcproj", "{6F3905B3-43A1-4B22-A08E-34FA3710034D}"
	ProjectSection(ProjectDependencies) = postProject
		{C3DD8A73-A25D-46A0-89AF-AAC885262686} = {C3DD8A73-A25D-46A0-89AF-AAC885262686}
		{06498701-4459-4045-A31B-F448EF7475C4} = {06498701-4459-4045-A31B-F448EF7475C4}
		{5E81850B-E6B8-4FCD-83EC-3BBC04736EA9} = {5E81850B-E6B8-4FCD-83EC-3BBC04736EA9}
		{FB47840D-B1DF-4F35-A7B6-9652BFFBBAC8} = {FB47840D-B1DF-4F35-A7B6-9652BFFBBAC8}
		{DF9B8E13-AD32-4FEA-83CB-5048234FC2F3} = {DF9B8E13-AD32-4FEA-83CB-5048234FC2F3}
		{43E36397-B2E6-44BE-AAD2-ED10F228F285} = {43E36397-B2E6-44BE-AAD2-ED10F228F285}
		{DCBAC59F-7FFC-4991-89E3-DF8B6F711F89} = {DCBAC59F-7FFC-4991-89E3-DF8B6F711F89}
		{D5CA80A5-AF79-48B0-A19F-92E6BF9E2E51} = {D5CA80A5-AF79-48B0-A19F-92E6BF9E2E51}
		{E99338AC-7BD1-4F44-90D3-CE1B9DF37564} = {E99338AC-7BD1-4F44-90D3-CE1B9DF37564}
		{F2BB43B1-AF64-4831-995F-2FF1F21E3701} = {F2BB43B1-AF64-4831-995F-2FF1F21E3701}
		{B040E3BD-CE05-48D7-8F89-D7DE3C0A96AA} = {B040E3BD-CE05-48D7-8F89-D7DE3C0A96AA}
		{DEB517C1-B8B4-481A-A521-F0CAC63AC62B} = {DEB517C1-B8B4-481A-A521-F0CAC63AC62B}
		{D4E537CB-AC78-4C3C-986E-D978BEEE9F09} = {D4E537CB-AC78-4C3C-986E-D978BEEE9F09}
		{2739E0D7-C92F-4CAA-B5E7-9A97750B9F0E} = {2739E0D7-C92F-4CAA-B5E7-9A97750B9F0E}
	EndProjectSection
EndProject
Project("{8BC9CEB8-8B4A-11D0-8D11-00A0C91BC942}") = "MsiTools", "src\CustomActions\MsiTools\MsiTools.vcproj", "{511835A3-E6E5-48E7-8802-6754FD1709D1}"
	ProjectSection(ProjectDependencies) = postProject
		{06498701-4459-4045-A31B-F448EF7475C4} = {06498701-4459-4045-A31B-F448EF7475C4}
		{FB47840D-B1DF-4F35-A7B6-9652BFFBBAC8} = {FB47840D-B1DF-4F35-A7B6-9652BFFBBAC8}
		{DF9B8E13-AD32-4FEA-83CB-5048234FC2F3} = {DF9B8E13-AD32-4FEA-83CB-5048234FC2F3}
		{43E36397-B2E6-44BE-AAD2-ED10F228F285} = {43E36397-B2E6-44BE-AAD2-ED10F228F285}
		{E99338AC-7BD1-4F44-90D3-CE1B9DF37564} = {E99338AC-7BD1-4F44-90D3-CE1B9DF37564}
		{DEB517C1-B8B4-481A-A521-F0CAC63AC62B} = {DEB517C1-B8B4-481A-A521-F0CAC63AC62B}
		{2739E0D7-C92F-4CAA-B5E7-9A97750B9F0E} = {2739E0D7-C92F-4CAA-B5E7-9A97750B9F0E}
		{F83770F8-CA95-4CD9-9565-6D2965F7553B} = {F83770F8-CA95-4CD9-9565-6D2965F7553B}
	EndProjectSection
EndProject
Project("{8BC9CEB8-8B4A-11D0-8D11-00A0C91BC942}") = "MsiToolsUnitTests", "src\CustomActions\MsiTools\MsiToolsUnitTests.vcproj", "{E6CDDD99-D114-4FCD-ACA9-53BCE4DFD11C}"
	ProjectSection(ProjectDependencies) = postProject
		{C3DD8A73-A25D-46A0-89AF-AAC885262686} = {C3DD8A73-A25D-46A0-89AF-AAC885262686}
		{06498701-4459-4045-A31B-F448EF7475C4} = {06498701-4459-4045-A31B-F448EF7475C4}
		{5E81850B-E6B8-4FCD-83EC-3BBC04736EA9} = {5E81850B-E6B8-4FCD-83EC-3BBC04736EA9}
		{FB47840D-B1DF-4F35-A7B6-9652BFFBBAC8} = {FB47840D-B1DF-4F35-A7B6-9652BFFBBAC8}
		{DF9B8E13-AD32-4FEA-83CB-5048234FC2F3} = {DF9B8E13-AD32-4FEA-83CB-5048234FC2F3}
		{185DCE4F-17A8-4D58-B424-0F11CE22C1FF} = {185DCE4F-17A8-4D58-B424-0F11CE22C1FF}
		{43E36397-B2E6-44BE-AAD2-ED10F228F285} = {43E36397-B2E6-44BE-AAD2-ED10F228F285}
		{DCBAC59F-7FFC-4991-89E3-DF8B6F711F89} = {DCBAC59F-7FFC-4991-89E3-DF8B6F711F89}
		{511835A3-E6E5-48E7-8802-6754FD1709D1} = {511835A3-E6E5-48E7-8802-6754FD1709D1}
		{E99338AC-7BD1-4F44-90D3-CE1B9DF37564} = {E99338AC-7BD1-4F44-90D3-CE1B9DF37564}
		{DEB517C1-B8B4-481A-A521-F0CAC63AC62B} = {DEB517C1-B8B4-481A-A521-F0CAC63AC62B}
		{2739E0D7-C92F-4CAA-B5E7-9A97750B9F0E} = {2739E0D7-C92F-4CAA-B5E7-9A97750B9F0E}
	EndProjectSection
EndProject
Project("{8BC9CEB8-8B4A-11D0-8D11-00A0C91BC942}") = "SystemTools", "src\CustomActions\SystemTools\SystemTools.vcproj", "{2B7492DE-BA9B-46C3-9042-9EB70199457C}"
	ProjectSection(ProjectDependencies) = postProject
		{06498701-4459-4045-A31B-F448EF7475C4} = {06498701-4459-4045-A31B-F448EF7475C4}
		{FB47840D-B1DF-4F35-A7B6-9652BFFBBAC8} = {FB47840D-B1DF-4F35-A7B6-9652BFFBBAC8}
		{DF9B8E13-AD32-4FEA-83CB-5048234FC2F3} = {DF9B8E13-AD32-4FEA-83CB-5048234FC2F3}
		{185DCE4F-17A8-4D58-B424-0F11CE22C1FF} = {185DCE4F-17A8-4D58-B424-0F11CE22C1FF}
		{43E36397-B2E6-44BE-AAD2-ED10F228F285} = {43E36397-B2E6-44BE-AAD2-ED10F228F285}
		{E99338AC-7BD1-4F44-90D3-CE1B9DF37564} = {E99338AC-7BD1-4F44-90D3-CE1B9DF37564}
		{B040E3BD-CE05-48D7-8F89-D7DE3C0A96AA} = {B040E3BD-CE05-48D7-8F89-D7DE3C0A96AA}
		{DEB517C1-B8B4-481A-A521-F0CAC63AC62B} = {DEB517C1-B8B4-481A-A521-F0CAC63AC62B}
		{D4E537CB-AC78-4C3C-986E-D978BEEE9F09} = {D4E537CB-AC78-4C3C-986E-D978BEEE9F09}
		{2739E0D7-C92F-4CAA-B5E7-9A97750B9F0E} = {2739E0D7-C92F-4CAA-B5E7-9A97750B9F0E}
		{E2A2ABE0-F889-4EC4-9550-1991E94F9476} = {E2A2ABE0-F889-4EC4-9550-1991E94F9476}
	EndProjectSection
EndProject
Project("{8BC9CEB8-8B4A-11D0-8D11-00A0C91BC942}") = "SystemToolsUnitTests", "src\CustomActions\SystemTools\SystemToolsUnitTests.vcproj", "{7A804CA2-6407-4647-8B02-7ABBD070A03B}"
	ProjectSection(ProjectDependencies) = postProject
		{C3DD8A73-A25D-46A0-89AF-AAC885262686} = {C3DD8A73-A25D-46A0-89AF-AAC885262686}
		{06498701-4459-4045-A31B-F448EF7475C4} = {06498701-4459-4045-A31B-F448EF7475C4}
		{5E81850B-E6B8-4FCD-83EC-3BBC04736EA9} = {5E81850B-E6B8-4FCD-83EC-3BBC04736EA9}
		{FB47840D-B1DF-4F35-A7B6-9652BFFBBAC8} = {FB47840D-B1DF-4F35-A7B6-9652BFFBBAC8}
		{DF9B8E13-AD32-4FEA-83CB-5048234FC2F3} = {DF9B8E13-AD32-4FEA-83CB-5048234FC2F3}
		{185DCE4F-17A8-4D58-B424-0F11CE22C1FF} = {185DCE4F-17A8-4D58-B424-0F11CE22C1FF}
		{DE128788-21E2-448C-BB5B-40CA58903BAC} = {DE128788-21E2-448C-BB5B-40CA58903BAC}
		{43E36397-B2E6-44BE-AAD2-ED10F228F285} = {43E36397-B2E6-44BE-AAD2-ED10F228F285}
		{DCBAC59F-7FFC-4991-89E3-DF8B6F711F89} = {DCBAC59F-7FFC-4991-89E3-DF8B6F711F89}
		{E99338AC-7BD1-4F44-90D3-CE1B9DF37564} = {E99338AC-7BD1-4F44-90D3-CE1B9DF37564}
		{B040E3BD-CE05-48D7-8F89-D7DE3C0A96AA} = {B040E3BD-CE05-48D7-8F89-D7DE3C0A96AA}
		{DEB517C1-B8B4-481A-A521-F0CAC63AC62B} = {DEB517C1-B8B4-481A-A521-F0CAC63AC62B}
		{D4E537CB-AC78-4C3C-986E-D978BEEE9F09} = {D4E537CB-AC78-4C3C-986E-D978BEEE9F09}
		{2739E0D7-C92F-4CAA-B5E7-9A97750B9F0E} = {2739E0D7-C92F-4CAA-B5E7-9A97750B9F0E}
		{2B7492DE-BA9B-46C3-9042-9EB70199457C} = {2B7492DE-BA9B-46C3-9042-9EB70199457C}
		{E2A2ABE0-F889-4EC4-9550-1991E94F9476} = {E2A2ABE0-F889-4EC4-9550-1991E94F9476}
	EndProjectSection
EndProject
Project("{8BC9CEB8-8B4A-11D0-8D11-00A0C91BC942}") = "UserPrivileges", "src\CustomActions\UserPrivileges\UserPrivileges.vcproj", "{DAFA926B-BB4D-4DA0-A4A1-9052880FB41C}"
	ProjectSection(ProjectDependencies) = postProject
		{FB47840D-B1DF-4F35-A7B6-9652BFFBBAC8} = {FB47840D-B1DF-4F35-A7B6-9652BFFBBAC8}
		{DF9B8E13-AD32-4FEA-83CB-5048234FC2F3} = {DF9B8E13-AD32-4FEA-83CB-5048234FC2F3}
		{43E36397-B2E6-44BE-AAD2-ED10F228F285} = {43E36397-B2E6-44BE-AAD2-ED10F228F285}
		{E99338AC-7BD1-4F44-90D3-CE1B9DF37564} = {E99338AC-7BD1-4F44-90D3-CE1B9DF37564}
		{DEB517C1-B8B4-481A-A521-F0CAC63AC62B} = {DEB517C1-B8B4-481A-A521-F0CAC63AC62B}
		{D4E537CB-AC78-4C3C-986E-D978BEEE9F09} = {D4E537CB-AC78-4C3C-986E-D978BEEE9F09}
		{2739E0D7-C92F-4CAA-B5E7-9A97750B9F0E} = {2739E0D7-C92F-4CAA-B5E7-9A97750B9F0E}
		{F83770F8-CA95-4CD9-9565-6D2965F7553B} = {F83770F8-CA95-4CD9-9565-6D2965F7553B}
	EndProjectSection
EndProject
Project("{8BC9CEB8-8B4A-11D0-8D11-00A0C91BC942}") = "Lsa", "src\Common\Lsa\Lsa.vcproj", "{F83770F8-CA95-4CD9-9565-6D2965F7553B}"
EndProject
Project("{8BC9CEB8-8B4A-11D0-8D11-00A0C91BC942}") = "UserPrivilegesUnitTests", "src\CustomActions\UserPrivileges\UserPrivilegesUnitTests.vcproj", "{6F64F968-54BD-426B-8B8B-0214C0F8593A}"
	ProjectSection(ProjectDependencies) = postProject
		{FB47840D-B1DF-4F35-A7B6-9652BFFBBAC8} = {FB47840D-B1DF-4F35-A7B6-9652BFFBBAC8}
		{DF9B8E13-AD32-4FEA-83CB-5048234FC2F3} = {DF9B8E13-AD32-4FEA-83CB-5048234FC2F3}
		{DAFA926B-BB4D-4DA0-A4A1-9052880FB41C} = {DAFA926B-BB4D-4DA0-A4A1-9052880FB41C}
		{43E36397-B2E6-44BE-AAD2-ED10F228F285} = {43E36397-B2E6-44BE-AAD2-ED10F228F285}
		{DCBAC59F-7FFC-4991-89E3-DF8B6F711F89} = {DCBAC59F-7FFC-4991-89E3-DF8B6F711F89}
		{E99338AC-7BD1-4F44-90D3-CE1B9DF37564} = {E99338AC-7BD1-4F44-90D3-CE1B9DF37564}
		{DEB517C1-B8B4-481A-A521-F0CAC63AC62B} = {DEB517C1-B8B4-481A-A521-F0CAC63AC62B}
		{D4E537CB-AC78-4C3C-986E-D978BEEE9F09} = {D4E537CB-AC78-4C3C-986E-D978BEEE9F09}
		{2739E0D7-C92F-4CAA-B5E7-9A97750B9F0E} = {2739E0D7-C92F-4CAA-B5E7-9A97750B9F0E}
		{F83770F8-CA95-4CD9-9565-6D2965F7553B} = {F83770F8-CA95-4CD9-9565-6D2965F7553B}
		{DE128788-21E2-448C-BB5B-40CA58903BAC} = {DE128788-21E2-448C-BB5B-40CA58903BAC}
		{06498701-4459-4045-A31B-F448EF7475C4} = {06498701-4459-4045-A31B-F448EF7475C4}
		{C3DD8A73-A25D-46A0-89AF-AAC885262686} = {C3DD8A73-A25D-46A0-89AF-AAC885262686}
		{5E81850B-E6B8-4FCD-83EC-3BBC04736EA9} = {5E81850B-E6B8-4FCD-83EC-3BBC04736EA9}
	EndProjectSection
EndProject
Project("{8BC9CEB8-8B4A-11D0-8D11-00A0C91BC942}") = "XmlTools", "src\CustomActions\XmlTools\XmlTools.vcproj", "{F845DD47-B09F-4B7C-ADA3-DE0B894552F9}"
	ProjectSection(ProjectDependencies) = postProject
		{DF9B8E13-AD32-4FEA-83CB-5048234FC2F3} = {DF9B8E13-AD32-4FEA-83CB-5048234FC2F3}
		{43E36397-B2E6-44BE-AAD2-ED10F228F285} = {43E36397-B2E6-44BE-AAD2-ED10F228F285}
		{E99338AC-7BD1-4F44-90D3-CE1B9DF37564} = {E99338AC-7BD1-4F44-90D3-CE1B9DF37564}
		{DEB517C1-B8B4-481A-A521-F0CAC63AC62B} = {DEB517C1-B8B4-481A-A521-F0CAC63AC62B}
		{D4E537CB-AC78-4C3C-986E-D978BEEE9F09} = {D4E537CB-AC78-4C3C-986E-D978BEEE9F09}
		{2739E0D7-C92F-4CAA-B5E7-9A97750B9F0E} = {2739E0D7-C92F-4CAA-B5E7-9A97750B9F0E}
		{FB47840D-B1DF-4F35-A7B6-9652BFFBBAC8} = {FB47840D-B1DF-4F35-A7B6-9652BFFBBAC8}
		{06498701-4459-4045-A31B-F448EF7475C4} = {06498701-4459-4045-A31B-F448EF7475C4}
	EndProjectSection
EndProject
Project("{8BC9CEB8-8B4A-11D0-8D11-00A0C91BC942}") = "Xml", "src\Common\Xml\Xml.vcproj", "{D4E537CB-AC78-4C3C-986E-D978BEEE9F09}"
EndProject
Project("{8BC9CEB8-8B4A-11D0-8D11-00A0C91BC942}") = "XmlUnitTests", "src\Common\Xml\XmlUnitTests.vcproj", "{3F8E8BAA-3E6B-466A-A1D2-10444047479F}"
	ProjectSection(ProjectDependencies) = postProject
		{5E81850B-E6B8-4FCD-83EC-3BBC04736EA9} = {5E81850B-E6B8-4FCD-83EC-3BBC04736EA9}
		{DF9B8E13-AD32-4FEA-83CB-5048234FC2F3} = {DF9B8E13-AD32-4FEA-83CB-5048234FC2F3}
		{43E36397-B2E6-44BE-AAD2-ED10F228F285} = {43E36397-B2E6-44BE-AAD2-ED10F228F285}
		{E99338AC-7BD1-4F44-90D3-CE1B9DF37564} = {E99338AC-7BD1-4F44-90D3-CE1B9DF37564}
		{DEB517C1-B8B4-481A-A521-F0CAC63AC62B} = {DEB517C1-B8B4-481A-A521-F0CAC63AC62B}
		{D4E537CB-AC78-4C3C-986E-D978BEEE9F09} = {D4E537CB-AC78-4C3C-986E-D978BEEE9F09}
		{C3DD8A73-A25D-46A0-89AF-AAC885262686} = {C3DD8A73-A25D-46A0-89AF-AAC885262686}
		{06498701-4459-4045-A31B-F448EF7475C4} = {06498701-4459-4045-A31B-F448EF7475C4}
	EndProjectSection
EndProject
Project("{8BC9CEB8-8B4A-11D0-8D11-00A0C91BC942}") = "XmlToolsUnitTests", "src\CustomActions\XmlTools\XmlToolsUnitTests.vcproj", "{F2237007-9D91-4FDF-B3B8-711D7CE78B48}"
	ProjectSection(ProjectDependencies) = postProject
		{C3DD8A73-A25D-46A0-89AF-AAC885262686} = {C3DD8A73-A25D-46A0-89AF-AAC885262686}
		{06498701-4459-4045-A31B-F448EF7475C4} = {06498701-4459-4045-A31B-F448EF7475C4}
		{5E81850B-E6B8-4FCD-83EC-3BBC04736EA9} = {5E81850B-E6B8-4FCD-83EC-3BBC04736EA9}
		{FB47840D-B1DF-4F35-A7B6-9652BFFBBAC8} = {FB47840D-B1DF-4F35-A7B6-9652BFFBBAC8}
		{DF9B8E13-AD32-4FEA-83CB-5048234FC2F3} = {DF9B8E13-AD32-4FEA-83CB-5048234FC2F3}
		{F845DD47-B09F-4B7C-ADA3-DE0B894552F9} = {F845DD47-B09F-4B7C-ADA3-DE0B894552F9}
		{43E36397-B2E6-44BE-AAD2-ED10F228F285} = {43E36397-B2E6-44BE-AAD2-ED10F228F285}
		{DCBAC59F-7FFC-4991-89E3-DF8B6F711F89} = {DCBAC59F-7FFC-4991-89E3-DF8B6F711F89}
		{E99338AC-7BD1-4F44-90D3-CE1B9DF37564} = {E99338AC-7BD1-4F44-90D3-CE1B9DF37564}
		{DEB517C1-B8B4-481A-A521-F0CAC63AC62B} = {DEB517C1-B8B4-481A-A521-F0CAC63AC62B}
		{D4E537CB-AC78-4C3C-986E-D978BEEE9F09} = {D4E537CB-AC78-4C3C-986E-D978BEEE9F09}
		{2739E0D7-C92F-4CAA-B5E7-9A97750B9F0E} = {2739E0D7-C92F-4CAA-B5E7-9A97750B9F0E}
	EndProjectSection
EndProject
Project("{2150E333-8FDC-42A3-9474-1A3956D46DE8}") = "Wix Extensions", "Wix Extensions", "{18DDEBFB-BA89-4A16-84F9-2D5F63DCBEFE}"
EndProject
Project("{2150E333-8FDC-42A3-9474-1A3956D46DE8}") = "SystemToolsExtension", "SystemToolsExtension", "{B5FF8FEF-28DB-4342-BEFF-78A9212BFE22}"
EndProject
Project("{930C7802-8A8C-48F9-8165-68863BCCD9DD}") = "SystemToolsExtension", "src\WixExtensions\SystemToolsExtension\wixlib\SystemToolsExtension.wixproj", "{B6AC15A8-5EF9-4F89-ACCC-3F5C3FC04BCE}"
	ProjectSection(ProjectDependencies) = postProject
		{2B7492DE-BA9B-46C3-9042-9EB70199457C} = {2B7492DE-BA9B-46C3-9042-9EB70199457C}
	EndProjectSection
EndProject
Project("{FAE04EC0-301F-11D3-BF4B-00C04F79EFBC}") = "WixSystemToolsExtension", "src\WixExtensions\SystemToolsExtension\wixext\WixSystemToolsExtension.csproj", "{69972F7F-F1CF-44AA-8F76-B4A5A4F1B309}"
	ProjectSection(ProjectDependencies) = postProject
		{B6AC15A8-5EF9-4F89-ACCC-3F5C3FC04BCE} = {B6AC15A8-5EF9-4F89-ACCC-3F5C3FC04BCE}
		{2B7492DE-BA9B-46C3-9042-9EB70199457C} = {2B7492DE-BA9B-46C3-9042-9EB70199457C}
	EndProjectSection
EndProject
Project("{2150E333-8FDC-42A3-9474-1A3956D46DE8}") = "Demos", "Demos", "{D37466C6-70AC-4836-91E3-6FFA40022BE1}"
EndProject
Project("{930C7802-8A8C-48F9-8165-68863BCCD9DD}") = "ActiveDirectoryMsi", "src\Demos\ActiveDirectoryMsi\ActiveDirectoryMsi.wixproj", "{EBEB02C9-231F-4E46-BBBD-BBFBFDD8205F}"
	ProjectSection(ProjectDependencies) = postProject
		{151CB2CC-7769-4789-A4D0-DFAEE9A9133C} = {151CB2CC-7769-4789-A4D0-DFAEE9A9133C}
	EndProjectSection
EndProject
Project("{930C7802-8A8C-48F9-8165-68863BCCD9DD}") = "UserPrivilegesMsi", "src\Demos\UserPrivilegesMsi\UserPrivilegesMsi.wixproj", "{B52D03FB-A716-40E5-8579-62A2731F9612}"
	ProjectSection(ProjectDependencies) = postProject
		{DAFA926B-BB4D-4DA0-A4A1-9052880FB41C} = {DAFA926B-BB4D-4DA0-A4A1-9052880FB41C}
		{151CB2CC-7769-4789-A4D0-DFAEE9A9133C} = {151CB2CC-7769-4789-A4D0-DFAEE9A9133C}
	EndProjectSection
EndProject
Project("{930C7802-8A8C-48F9-8165-68863BCCD9DD}") = "DataSourceMsi", "src\Demos\DataSourceMsi\DataSourceMsi.wixproj", "{4FC2091E-2F15-43B1-895A-CD24C818B448}"
	ProjectSection(ProjectDependencies) = postProject
		{F2BB43B1-AF64-4831-995F-2FF1F21E3701} = {F2BB43B1-AF64-4831-995F-2FF1F21E3701}
		{1CE83FFA-30EF-4A2B-A19C-73010FD452EB} = {1CE83FFA-30EF-4A2B-A19C-73010FD452EB}
	EndProjectSection
EndProject
Project("{8BC9CEB8-8B4A-11D0-8D11-00A0C91BC942}") = "ODBC", "src\Common\ODBC\ODBC.vcproj", "{D5CA80A5-AF79-48B0-A19F-92E6BF9E2E51}"
EndProject
Project("{8BC9CEB8-8B4A-11D0-8D11-00A0C91BC942}") = "ODBCUnitTests", "src\Common\ODBC\ODBCUnitTests.vcproj", "{D2B0D733-F308-4B4D-9485-A76BA8DA9160}"
	ProjectSection(ProjectDependencies) = postProject
		{C3DD8A73-A25D-46A0-89AF-AAC885262686} = {C3DD8A73-A25D-46A0-89AF-AAC885262686}
		{06498701-4459-4045-A31B-F448EF7475C4} = {06498701-4459-4045-A31B-F448EF7475C4}
		{5E81850B-E6B8-4FCD-83EC-3BBC04736EA9} = {5E81850B-E6B8-4FCD-83EC-3BBC04736EA9}
		{DF9B8E13-AD32-4FEA-83CB-5048234FC2F3} = {DF9B8E13-AD32-4FEA-83CB-5048234FC2F3}
		{43E36397-B2E6-44BE-AAD2-ED10F228F285} = {43E36397-B2E6-44BE-AAD2-ED10F228F285}
		{D5CA80A5-AF79-48B0-A19F-92E6BF9E2E51} = {D5CA80A5-AF79-48B0-A19F-92E6BF9E2E51}
		{E99338AC-7BD1-4F44-90D3-CE1B9DF37564} = {E99338AC-7BD1-4F44-90D3-CE1B9DF37564}
		{DEB517C1-B8B4-481A-A521-F0CAC63AC62B} = {DEB517C1-B8B4-481A-A521-F0CAC63AC62B}
		{D4E537CB-AC78-4C3C-986E-D978BEEE9F09} = {D4E537CB-AC78-4C3C-986E-D978BEEE9F09}
	EndProjectSection
EndProject
Project("{930C7802-8A8C-48F9-8165-68863BCCD9DD}") = "SystemToolsMsi", "src\Demos\SystemToolsMsi\SystemToolsMsi.wixproj", "{11434AF7-39AC-4D0B-B35F-D644E30EFDEA}"
	ProjectSection(ProjectDependencies) = postProject
		{DF9B8E13-AD32-4FEA-83CB-5048234FC2F3} = {DF9B8E13-AD32-4FEA-83CB-5048234FC2F3}
		{3CFFF22A-C6BC-49C7-B5BC-8F0D7E1AB4ED} = {3CFFF22A-C6BC-49C7-B5BC-8F0D7E1AB4ED}
		{69972F7F-F1CF-44AA-8F76-B4A5A4F1B309} = {69972F7F-F1CF-44AA-8F76-B4A5A4F1B309}
		{B6AC15A8-5EF9-4F89-ACCC-3F5C3FC04BCE} = {B6AC15A8-5EF9-4F89-ACCC-3F5C3FC04BCE}
		{7E8909B4-4A2D-4CA5-9F51-2E178E89F3E5} = {7E8909B4-4A2D-4CA5-9F51-2E178E89F3E5}
	EndProjectSection
EndProject
Project("{8BC9CEB8-8B4A-11D0-8D11-00A0C91BC942}") = "StringTools", "src\CustomActions\StringTools\StringTools.vcproj", "{EDD4A4AA-6411-46F0-886D-5D6DD363F9F4}"
	ProjectSection(ProjectDependencies) = postProject
		{FB47840D-B1DF-4F35-A7B6-9652BFFBBAC8} = {FB47840D-B1DF-4F35-A7B6-9652BFFBBAC8}
		{DF9B8E13-AD32-4FEA-83CB-5048234FC2F3} = {DF9B8E13-AD32-4FEA-83CB-5048234FC2F3}
		{43E36397-B2E6-44BE-AAD2-ED10F228F285} = {43E36397-B2E6-44BE-AAD2-ED10F228F285}
		{E99338AC-7BD1-4F44-90D3-CE1B9DF37564} = {E99338AC-7BD1-4F44-90D3-CE1B9DF37564}
		{DEB517C1-B8B4-481A-A521-F0CAC63AC62B} = {DEB517C1-B8B4-481A-A521-F0CAC63AC62B}
		{2739E0D7-C92F-4CAA-B5E7-9A97750B9F0E} = {2739E0D7-C92F-4CAA-B5E7-9A97750B9F0E}
	EndProjectSection
EndProject
Project("{8BC9CEB8-8B4A-11D0-8D11-00A0C91BC942}") = "StringToolsUnitTests", "src\CustomActions\StringTools\StringToolsUnitTests.vcproj", "{C76685B1-6409-499A-95CF-52BD4E0EC78D}"
	ProjectSection(ProjectDependencies) = postProject
		{5E81850B-E6B8-4FCD-83EC-3BBC04736EA9} = {5E81850B-E6B8-4FCD-83EC-3BBC04736EA9}
		{FB47840D-B1DF-4F35-A7B6-9652BFFBBAC8} = {FB47840D-B1DF-4F35-A7B6-9652BFFBBAC8}
		{DF9B8E13-AD32-4FEA-83CB-5048234FC2F3} = {DF9B8E13-AD32-4FEA-83CB-5048234FC2F3}
		{43E36397-B2E6-44BE-AAD2-ED10F228F285} = {43E36397-B2E6-44BE-AAD2-ED10F228F285}
		{DCBAC59F-7FFC-4991-89E3-DF8B6F711F89} = {DCBAC59F-7FFC-4991-89E3-DF8B6F711F89}
		{EDD4A4AA-6411-46F0-886D-5D6DD363F9F4} = {EDD4A4AA-6411-46F0-886D-5D6DD363F9F4}
		{E99338AC-7BD1-4F44-90D3-CE1B9DF37564} = {E99338AC-7BD1-4F44-90D3-CE1B9DF37564}
		{DEB517C1-B8B4-481A-A521-F0CAC63AC62B} = {DEB517C1-B8B4-481A-A521-F0CAC63AC62B}
		{2739E0D7-C92F-4CAA-B5E7-9A97750B9F0E} = {2739E0D7-C92F-4CAA-B5E7-9A97750B9F0E}
		{C3DD8A73-A25D-46A0-89AF-AAC885262686} = {C3DD8A73-A25D-46A0-89AF-AAC885262686}
		{06498701-4459-4045-A31B-F448EF7475C4} = {06498701-4459-4045-A31B-F448EF7475C4}
	EndProjectSection
EndProject
Project("{930C7802-8A8C-48F9-8165-68863BCCD9DD}") = "StringToolsMsi", "src\Demos\StringToolsMsi\StringToolsMsi.wixproj", "{E4E769EC-013C-4986-B5D9-0CC419FC714F}"
	ProjectSection(ProjectDependencies) = postProject
		{EDD4A4AA-6411-46F0-886D-5D6DD363F9F4} = {EDD4A4AA-6411-46F0-886D-5D6DD363F9F4}
	EndProjectSection
EndProject
Project("{8BC9CEB8-8B4A-11D0-8D11-00A0C91BC942}") = "JavaTools", "src\CustomActions\JavaTools\JavaTools.vcproj", "{80701DE1-352A-4D7C-BCCF-203E48D4878E}"
	ProjectSection(ProjectDependencies) = postProject
		{06498701-4459-4045-A31B-F448EF7475C4} = {06498701-4459-4045-A31B-F448EF7475C4}
		{FB47840D-B1DF-4F35-A7B6-9652BFFBBAC8} = {FB47840D-B1DF-4F35-A7B6-9652BFFBBAC8}
		{43E36397-B2E6-44BE-AAD2-ED10F228F285} = {43E36397-B2E6-44BE-AAD2-ED10F228F285}
		{E99338AC-7BD1-4F44-90D3-CE1B9DF37564} = {E99338AC-7BD1-4F44-90D3-CE1B9DF37564}
		{DEB517C1-B8B4-481A-A521-F0CAC63AC62B} = {DEB517C1-B8B4-481A-A521-F0CAC63AC62B}
		{D4E537CB-AC78-4C3C-986E-D978BEEE9F09} = {D4E537CB-AC78-4C3C-986E-D978BEEE9F09}
		{2739E0D7-C92F-4CAA-B5E7-9A97750B9F0E} = {2739E0D7-C92F-4CAA-B5E7-9A97750B9F0E}
	EndProjectSection
EndProject
Project("{2150E333-8FDC-42A3-9474-1A3956D46DE8}") = "JavaToolsExtension", "JavaToolsExtension", "{0F443B6D-A87D-4096-8B5A-4527CB661E2C}"
EndProject
Project("{930C7802-8A8C-48F9-8165-68863BCCD9DD}") = "JavaToolsExtension", "src\WixExtensions\JavaToolsExtension\wixlib\JavaToolsExtension.wixproj", "{07F8DAA1-9C28-4BC8-BAB1-53F43C2932DC}"
	ProjectSection(ProjectDependencies) = postProject
		{80701DE1-352A-4D7C-BCCF-203E48D4878E} = {80701DE1-352A-4D7C-BCCF-203E48D4878E}
	EndProjectSection
EndProject
Project("{FAE04EC0-301F-11D3-BF4B-00C04F79EFBC}") = "WixJavaToolsExtension", "src\WixExtensions\JavaToolsExtension\wixext\WixJavaToolsExtension.csproj", "{8CAA26D1-D859-43D6-B6DD-3ABA8D909F44}"
	ProjectSection(ProjectDependencies) = postProject
		{07F8DAA1-9C28-4BC8-BAB1-53F43C2932DC} = {07F8DAA1-9C28-4BC8-BAB1-53F43C2932DC}
		{80701DE1-352A-4D7C-BCCF-203E48D4878E} = {80701DE1-352A-4D7C-BCCF-203E48D4878E}
	EndProjectSection
EndProject
Project("{8BC9CEB8-8B4A-11D0-8D11-00A0C91BC942}") = "JavaToolsUnitTests", "src\CustomActions\JavaTools\JavaToolsUnitTests.vcproj", "{5E99191F-9CA3-40EE-BBAB-6343825C910B}"
	ProjectSection(ProjectDependencies) = postProject
		{5E81850B-E6B8-4FCD-83EC-3BBC04736EA9} = {5E81850B-E6B8-4FCD-83EC-3BBC04736EA9}
		{FB47840D-B1DF-4F35-A7B6-9652BFFBBAC8} = {FB47840D-B1DF-4F35-A7B6-9652BFFBBAC8}
		{DF9B8E13-AD32-4FEA-83CB-5048234FC2F3} = {DF9B8E13-AD32-4FEA-83CB-5048234FC2F3}
		{43E36397-B2E6-44BE-AAD2-ED10F228F285} = {43E36397-B2E6-44BE-AAD2-ED10F228F285}
		{DCBAC59F-7FFC-4991-89E3-DF8B6F711F89} = {DCBAC59F-7FFC-4991-89E3-DF8B6F711F89}
		{E99338AC-7BD1-4F44-90D3-CE1B9DF37564} = {E99338AC-7BD1-4F44-90D3-CE1B9DF37564}
		{B040E3BD-CE05-48D7-8F89-D7DE3C0A96AA} = {B040E3BD-CE05-48D7-8F89-D7DE3C0A96AA}
		{DEB517C1-B8B4-481A-A521-F0CAC63AC62B} = {DEB517C1-B8B4-481A-A521-F0CAC63AC62B}
		{D4E537CB-AC78-4C3C-986E-D978BEEE9F09} = {D4E537CB-AC78-4C3C-986E-D978BEEE9F09}
		{2739E0D7-C92F-4CAA-B5E7-9A97750B9F0E} = {2739E0D7-C92F-4CAA-B5E7-9A97750B9F0E}
		{80701DE1-352A-4D7C-BCCF-203E48D4878E} = {80701DE1-352A-4D7C-BCCF-203E48D4878E}
		{C3DD8A73-A25D-46A0-89AF-AAC885262686} = {C3DD8A73-A25D-46A0-89AF-AAC885262686}
		{06498701-4459-4045-A31B-F448EF7475C4} = {06498701-4459-4045-A31B-F448EF7475C4}
	EndProjectSection
EndProject
Project("{930C7802-8A8C-48F9-8165-68863BCCD9DD}") = "JavaToolsMsi", "src\Demos\JavaToolsMsi\JavaToolsMsi.wixproj", "{986F0015-2023-4403-90B8-32732DAC6BD6}"
	ProjectSection(ProjectDependencies) = postProject
		{07F8DAA1-9C28-4BC8-BAB1-53F43C2932DC} = {07F8DAA1-9C28-4BC8-BAB1-53F43C2932DC}
		{8CAA26D1-D859-43D6-B6DD-3ABA8D909F44} = {8CAA26D1-D859-43D6-B6DD-3ABA8D909F44}
	EndProjectSection
EndProject
Project("{930C7802-8A8C-48F9-8165-68863BCCD9DD}") = "CompareVersionMsm", "src\Demos\CompareVersionMsm\CompareVersionMsm.wixproj", "{7E8909B4-4A2D-4CA5-9F51-2E178E89F3E5}"
	ProjectSection(ProjectDependencies) = postProject
		{DF9B8E13-AD32-4FEA-83CB-5048234FC2F3} = {DF9B8E13-AD32-4FEA-83CB-5048234FC2F3}
		{69972F7F-F1CF-44AA-8F76-B4A5A4F1B309} = {69972F7F-F1CF-44AA-8F76-B4A5A4F1B309}
	EndProjectSection
EndProject
Project("{930C7802-8A8C-48F9-8165-68863BCCD9DD}") = "CopyFilesMsm", "src\Demos\CopyFilesMsm\CopyFilesMsm.wixproj", "{3CFFF22A-C6BC-49C7-B5BC-8F0D7E1AB4ED}"
	ProjectSection(ProjectDependencies) = postProject
		{DF9B8E13-AD32-4FEA-83CB-5048234FC2F3} = {DF9B8E13-AD32-4FEA-83CB-5048234FC2F3}
		{69972F7F-F1CF-44AA-8F76-B4A5A4F1B309} = {69972F7F-F1CF-44AA-8F76-B4A5A4F1B309}
		{B6AC15A8-5EF9-4F89-ACCC-3F5C3FC04BCE} = {B6AC15A8-5EF9-4F89-ACCC-3F5C3FC04BCE}
	EndProjectSection
EndProject
Project("{2150E333-8FDC-42A3-9474-1A3956D46DE8}") = "DataSourceExtension", "DataSourceExtension", "{AFF9F69E-F950-478B-84A8-B019C4892F03}"
EndProject
Project("{930C7802-8A8C-48F9-8165-68863BCCD9DD}") = "DataSourceExtension", "src\WixExtensions\DataSourceExtension\wixlib\DataSourceExtension.wixproj", "{5038DC15-FE7A-484E-BF8A-D98B88EB4DD4}"
	ProjectSection(ProjectDependencies) = postProject
		{F2BB43B1-AF64-4831-995F-2FF1F21E3701} = {F2BB43B1-AF64-4831-995F-2FF1F21E3701}
	EndProjectSection
EndProject
Project("{FAE04EC0-301F-11D3-BF4B-00C04F79EFBC}") = "WixDataSourceExtension", "src\WixExtensions\DataSourceExtension\wixext\WixDataSourceExtension.csproj", "{1CE83FFA-30EF-4A2B-A19C-73010FD452EB}"
	ProjectSection(ProjectDependencies) = postProject
		{5038DC15-FE7A-484E-BF8A-D98B88EB4DD4} = {5038DC15-FE7A-484E-BF8A-D98B88EB4DD4}
		{F2BB43B1-AF64-4831-995F-2FF1F21E3701} = {F2BB43B1-AF64-4831-995F-2FF1F21E3701}
	EndProjectSection
EndProject
Project("{930C7802-8A8C-48F9-8165-68863BCCD9DD}") = "MSSQLDatabaseMsi", "src\Demos\MSSQLDatabase\MSSQLDatabaseMsi.wixproj", "{69470FC0-689E-47CD-91D0-32402B2C2BAE}"
	ProjectSection(ProjectDependencies) = postProject
		{5038DC15-FE7A-484E-BF8A-D98B88EB4DD4} = {5038DC15-FE7A-484E-BF8A-D98B88EB4DD4}
		{F2BB43B1-AF64-4831-995F-2FF1F21E3701} = {F2BB43B1-AF64-4831-995F-2FF1F21E3701}
		{1CE83FFA-30EF-4A2B-A19C-73010FD452EB} = {1CE83FFA-30EF-4A2B-A19C-73010FD452EB}
	EndProjectSection
EndProject
Project("{8BC9CEB8-8B4A-11D0-8D11-00A0C91BC942}") = "TcpIp", "src\Common\TcpIp\TcpIp.vcproj", "{185DCE4F-17A8-4D58-B424-0F11CE22C1FF}"
EndProject
Project("{8BC9CEB8-8B4A-11D0-8D11-00A0C91BC942}") = "TcpIpUnitTests", "src\Common\TcpIp\TcpIpUnitTests.vcproj", "{90C09633-05E5-43BE-8E86-15A63B8063B0}"
	ProjectSection(ProjectDependencies) = postProject
		{C3DD8A73-A25D-46A0-89AF-AAC885262686} = {C3DD8A73-A25D-46A0-89AF-AAC885262686}
		{5E81850B-E6B8-4FCD-83EC-3BBC04736EA9} = {5E81850B-E6B8-4FCD-83EC-3BBC04736EA9}
		{DF9B8E13-AD32-4FEA-83CB-5048234FC2F3} = {DF9B8E13-AD32-4FEA-83CB-5048234FC2F3}
		{185DCE4F-17A8-4D58-B424-0F11CE22C1FF} = {185DCE4F-17A8-4D58-B424-0F11CE22C1FF}
		{43E36397-B2E6-44BE-AAD2-ED10F228F285} = {43E36397-B2E6-44BE-AAD2-ED10F228F285}
		{B040E3BD-CE05-48D7-8F89-D7DE3C0A96AA} = {B040E3BD-CE05-48D7-8F89-D7DE3C0A96AA}
		{DEB517C1-B8B4-481A-A521-F0CAC63AC62B} = {DEB517C1-B8B4-481A-A521-F0CAC63AC62B}
	EndProjectSection
EndProject
Project("{8BC9CEB8-8B4A-11D0-8D11-00A0C91BC942}") = "Registry", "src\Common\Registry\Registry.vcproj", "{B040E3BD-CE05-48D7-8F89-D7DE3C0A96AA}"
EndProject
Project("{8BC9CEB8-8B4A-11D0-8D11-00A0C91BC942}") = "RegistryUnitTests", "src\Common\Registry\RegistryUnitTests.vcproj", "{C647A012-EB08-4CEC-8509-A1E79AF09B58}"
	ProjectSection(ProjectDependencies) = postProject
		{DF9B8E13-AD32-4FEA-83CB-5048234FC2F3} = {DF9B8E13-AD32-4FEA-83CB-5048234FC2F3}
		{43E36397-B2E6-44BE-AAD2-ED10F228F285} = {43E36397-B2E6-44BE-AAD2-ED10F228F285}
		{E99338AC-7BD1-4F44-90D3-CE1B9DF37564} = {E99338AC-7BD1-4F44-90D3-CE1B9DF37564}
		{B040E3BD-CE05-48D7-8F89-D7DE3C0A96AA} = {B040E3BD-CE05-48D7-8F89-D7DE3C0A96AA}
		{DEB517C1-B8B4-481A-A521-F0CAC63AC62B} = {DEB517C1-B8B4-481A-A521-F0CAC63AC62B}
		{C3DD8A73-A25D-46A0-89AF-AAC885262686} = {C3DD8A73-A25D-46A0-89AF-AAC885262686}
		{5E81850B-E6B8-4FCD-83EC-3BBC04736EA9} = {5E81850B-E6B8-4FCD-83EC-3BBC04736EA9}
	EndProjectSection
EndProject
Project("{8BC9CEB8-8B4A-11D0-8D11-00A0C91BC942}") = "LsaUnitTests", "src\Common\Lsa\LsaUnitTests.vcproj", "{7AD44FCC-DC9A-4556-875F-F25DCAB1B9B8}"
	ProjectSection(ProjectDependencies) = postProject
		{C3DD8A73-A25D-46A0-89AF-AAC885262686} = {C3DD8A73-A25D-46A0-89AF-AAC885262686}
		{5E81850B-E6B8-4FCD-83EC-3BBC04736EA9} = {5E81850B-E6B8-4FCD-83EC-3BBC04736EA9}
		{DE128788-21E2-448C-BB5B-40CA58903BAC} = {DE128788-21E2-448C-BB5B-40CA58903BAC}
		{43E36397-B2E6-44BE-AAD2-ED10F228F285} = {43E36397-B2E6-44BE-AAD2-ED10F228F285}
		{E99338AC-7BD1-4F44-90D3-CE1B9DF37564} = {E99338AC-7BD1-4F44-90D3-CE1B9DF37564}
		{DEB517C1-B8B4-481A-A521-F0CAC63AC62B} = {DEB517C1-B8B4-481A-A521-F0CAC63AC62B}
		{E2A2ABE0-F889-4EC4-9550-1991E94F9476} = {E2A2ABE0-F889-4EC4-9550-1991E94F9476}
		{F83770F8-CA95-4CD9-9565-6D2965F7553B} = {F83770F8-CA95-4CD9-9565-6D2965F7553B}
	EndProjectSection
EndProject
Project("{930C7802-8A8C-48F9-8165-68863BCCD9DD}") = "TemplateFilesMsi", "src\Demos\TemplateFilesMsi\TemplateFilesMsi.wixproj", "{A3E27BD4-FEC8-40CF-B648-3A44B9F4624E}"
	ProjectSection(ProjectDependencies) = postProject
		{69972F7F-F1CF-44AA-8F76-B4A5A4F1B309} = {69972F7F-F1CF-44AA-8F76-B4A5A4F1B309}
	EndProjectSection
EndProject
Project("{8BC9CEB8-8B4A-11D0-8D11-00A0C91BC942}") = "Service", "src\Common\Service\Service.vcproj", "{E2A2ABE0-F889-4EC4-9550-1991E94F9476}"
EndProject
Project("{8BC9CEB8-8B4A-11D0-8D11-00A0C91BC942}") = "ServiceUnitTests", "src\Common\Service\ServiceUnitTests.vcproj", "{E21A9ADA-F449-49C7-AFA2-82C45BF52970}"
	ProjectSection(ProjectDependencies) = postProject
		{C3DD8A73-A25D-46A0-89AF-AAC885262686} = {C3DD8A73-A25D-46A0-89AF-AAC885262686}
		{06498701-4459-4045-A31B-F448EF7475C4} = {06498701-4459-4045-A31B-F448EF7475C4}
		{5E81850B-E6B8-4FCD-83EC-3BBC04736EA9} = {5E81850B-E6B8-4FCD-83EC-3BBC04736EA9}
		{43E36397-B2E6-44BE-AAD2-ED10F228F285} = {43E36397-B2E6-44BE-AAD2-ED10F228F285}
		{E99338AC-7BD1-4F44-90D3-CE1B9DF37564} = {E99338AC-7BD1-4F44-90D3-CE1B9DF37564}
		{B040E3BD-CE05-48D7-8F89-D7DE3C0A96AA} = {B040E3BD-CE05-48D7-8F89-D7DE3C0A96AA}
		{DEB517C1-B8B4-481A-A521-F0CAC63AC62B} = {DEB517C1-B8B4-481A-A521-F0CAC63AC62B}
		{E2A2ABE0-F889-4EC4-9550-1991E94F9476} = {E2A2ABE0-F889-4EC4-9550-1991E94F9476}
	EndProjectSection
EndProject
Project("{2150E333-8FDC-42A3-9474-1A3956D46DE8}") = "UserPrivilegesExtension", "UserPrivilegesExtension", "{F51EFE5C-7840-4FA3-A0FC-BD0FAF6C88C7}"
EndProject
Project("{FAE04EC0-301F-11D3-BF4B-00C04F79EFBC}") = "WixUserPrivilegesExtension", "src\WixExtensions\UserPrivilegesExtension\wixext\WixUserPrivilegesExtension.csproj", "{0C8507E5-DB13-49C3-B840-BF83A61E35B4}"
	ProjectSection(ProjectDependencies) = postProject
		{29A3DC18-5410-45F3-9E0F-A22E184C133F} = {29A3DC18-5410-45F3-9E0F-A22E184C133F}
	EndProjectSection
EndProject
Project("{930C7802-8A8C-48F9-8165-68863BCCD9DD}") = "UserPrivilegesExtension", "src\WixExtensions\UserPrivilegesExtension\wixlib\UserPrivilegesExtension.wixproj", "{29A3DC18-5410-45F3-9E0F-A22E184C133F}"
	ProjectSection(ProjectDependencies) = postProject
		{DAFA926B-BB4D-4DA0-A4A1-9052880FB41C} = {DAFA926B-BB4D-4DA0-A4A1-9052880FB41C}
	EndProjectSection
EndProject
Project("{930C7802-8A8C-48F9-8165-68863BCCD9DD}") = "LocalUserGroupsMsi", "src\Demos\LocalUserGroupsMsi\LocalUserGroupsMsi.wixproj", "{31207FE0-0819-4627-A333-F2E869AB69CD}"
	ProjectSection(ProjectDependencies) = postProject
		{0C8507E5-DB13-49C3-B840-BF83A61E35B4} = {0C8507E5-DB13-49C3-B840-BF83A61E35B4}
	EndProjectSection
EndProject
Project("{2150E333-8FDC-42A3-9474-1A3956D46DE8}") = "Tools", "Tools", "{AC3CF283-6F96-4CB4-9790-0103D7A5EC59}"
EndProject
Project("{8BC9CEB8-8B4A-11D0-8D11-00A0C91BC942}") = "ODBQ", "src\Tools\ODBQ\ODBQ.vcproj", "{169428E0-70AD-4EB1-8270-8FBF08AAED51}"
	ProjectSection(ProjectDependencies) = postProject
		{06498701-4459-4045-A31B-F448EF7475C4} = {06498701-4459-4045-A31B-F448EF7475C4}
		{DF9B8E13-AD32-4FEA-83CB-5048234FC2F3} = {DF9B8E13-AD32-4FEA-83CB-5048234FC2F3}
		{43E36397-B2E6-44BE-AAD2-ED10F228F285} = {43E36397-B2E6-44BE-AAD2-ED10F228F285}
		{D5CA80A5-AF79-48B0-A19F-92E6BF9E2E51} = {D5CA80A5-AF79-48B0-A19F-92E6BF9E2E51}
		{E99338AC-7BD1-4F44-90D3-CE1B9DF37564} = {E99338AC-7BD1-4F44-90D3-CE1B9DF37564}
		{DEB517C1-B8B4-481A-A521-F0CAC63AC62B} = {DEB517C1-B8B4-481A-A521-F0CAC63AC62B}
		{D4E537CB-AC78-4C3C-986E-D978BEEE9F09} = {D4E537CB-AC78-4C3C-986E-D978BEEE9F09}
	EndProjectSection
EndProject
Project("{8BC9CEB8-8B4A-11D0-8D11-00A0C91BC942}") = "DSN", "src\Tools\DSN\DSN.vcproj", "{191D042D-DCB2-41C1-9F80-83B42717BE2A}"
	ProjectSection(ProjectDependencies) = postProject
		{06498701-4459-4045-A31B-F448EF7475C4} = {06498701-4459-4045-A31B-F448EF7475C4}
		{DF9B8E13-AD32-4FEA-83CB-5048234FC2F3} = {DF9B8E13-AD32-4FEA-83CB-5048234FC2F3}
		{43E36397-B2E6-44BE-AAD2-ED10F228F285} = {43E36397-B2E6-44BE-AAD2-ED10F228F285}
		{D5CA80A5-AF79-48B0-A19F-92E6BF9E2E51} = {D5CA80A5-AF79-48B0-A19F-92E6BF9E2E51}
		{E99338AC-7BD1-4F44-90D3-CE1B9DF37564} = {E99338AC-7BD1-4F44-90D3-CE1B9DF37564}
		{DEB517C1-B8B4-481A-A521-F0CAC63AC62B} = {DEB517C1-B8B4-481A-A521-F0CAC63AC62B}
	EndProjectSection
EndProject
Project("{8BC9CEB8-8B4A-11D0-8D11-00A0C91BC942}") = "Crypt", "src\Common\Crypt\Crypt.vcproj", "{9650B307-4CBB-40D2-B0D7-B366B8679EFF}"
EndProject
Project("{8BC9CEB8-8B4A-11D0-8D11-00A0C91BC942}") = "CryptUnitTests", "src\Common\Crypt\CryptUnitTests.vcproj", "{B1218AF0-A7F0-4503-B181-90A14078B3D1}"
	ProjectSection(ProjectDependencies) = postProject
		{9650B307-4CBB-40D2-B0D7-B366B8679EFF} = {9650B307-4CBB-40D2-B0D7-B366B8679EFF}
		{5E81850B-E6B8-4FCD-83EC-3BBC04736EA9} = {5E81850B-E6B8-4FCD-83EC-3BBC04736EA9}
		{43E36397-B2E6-44BE-AAD2-ED10F228F285} = {43E36397-B2E6-44BE-AAD2-ED10F228F285}
		{DEB517C1-B8B4-481A-A521-F0CAC63AC62B} = {DEB517C1-B8B4-481A-A521-F0CAC63AC62B}
		{3423EC9A-52E4-4A4D-9753-EDEBC38785EF} = {3423EC9A-52E4-4A4D-9753-EDEBC38785EF}
		{C3DD8A73-A25D-46A0-89AF-AAC885262686} = {C3DD8A73-A25D-46A0-89AF-AAC885262686}
	EndProjectSection
EndProject
Project("{930C7802-8A8C-48F9-8165-68863BCCD9DD}") = "WindowsServiceMsi", "src\Demos\WindowsServiceMsi\WindowsServiceMsi.wixproj", "{41DCBD38-A1C4-4497-AA97-89A04716819B}"
	ProjectSection(ProjectDependencies) = postProject
		{2B7492DE-BA9B-46C3-9042-9EB70199457C} = {2B7492DE-BA9B-46C3-9042-9EB70199457C}
	EndProjectSection
EndProject
Project("{2150E333-8FDC-42A3-9474-1A3956D46DE8}") = "CommonUiExtension", "CommonUiExtension", "{ED5B092C-FC55-4042-891A-A7D17CD839C4}"
EndProject
Project("{FAE04EC0-301F-11D3-BF4B-00C04F79EFBC}") = "WixCommonUiExtension", "src\WixExtensions\CommonUiExtension\wixext\WixCommonUiExtension.csproj", "{4A6765F4-B0AB-4FD2-B94D-488E901FC93A}"
	ProjectSection(ProjectDependencies) = postProject
		{B4D15BF1-E19F-402E-95B2-C321FADF2510} = {B4D15BF1-E19F-402E-95B2-C321FADF2510}
	EndProjectSection
EndProject
Project("{930C7802-8A8C-48F9-8165-68863BCCD9DD}") = "CommonUiExtension", "src\WixExtensions\CommonUiExtension\wixlib\CommonUiExtension.wixproj", "{B4D15BF1-E19F-402E-95B2-C321FADF2510}"
	ProjectSection(ProjectDependencies) = postProject
		{DAFA926B-BB4D-4DA0-A4A1-9052880FB41C} = {DAFA926B-BB4D-4DA0-A4A1-9052880FB41C}
		{EDD4A4AA-6411-46F0-886D-5D6DD363F9F4} = {EDD4A4AA-6411-46F0-886D-5D6DD363F9F4}
		{F2BB43B1-AF64-4831-995F-2FF1F21E3701} = {F2BB43B1-AF64-4831-995F-2FF1F21E3701}
		{151CB2CC-7769-4789-A4D0-DFAEE9A9133C} = {151CB2CC-7769-4789-A4D0-DFAEE9A9133C}
		{2B7492DE-BA9B-46C3-9042-9EB70199457C} = {2B7492DE-BA9B-46C3-9042-9EB70199457C}
	EndProjectSection
EndProject
Project("{930C7802-8A8C-48F9-8165-68863BCCD9DD}") = "CommonUiMsi", "src\Demos\CommonUiMsi\CommonUiMsi.wixproj", "{3E905290-9CCB-42CB-996A-EE41FE8C0811}"
EndProject
Project("{930C7802-8A8C-48F9-8165-68863BCCD9DD}") = "AccessDatabaseMsi", "src\Demos\AccessDatabase\AccessDatabaseMsi.wixproj", "{00B40338-4E1F-422C-A052-5FF8CB8C5158}"
	ProjectSection(ProjectDependencies) = postProject
		{5038DC15-FE7A-484E-BF8A-D98B88EB4DD4} = {5038DC15-FE7A-484E-BF8A-D98B88EB4DD4}
		{1CE83FFA-30EF-4A2B-A19C-73010FD452EB} = {1CE83FFA-30EF-4A2B-A19C-73010FD452EB}
	EndProjectSection
EndProject
Project("{8BC9CEB8-8B4A-11D0-8D11-00A0C91BC942}") = "Net", "src\Common\Net\Net.vcproj", "{DE128788-21E2-448C-BB5B-40CA58903BAC}"
EndProject
Project("{8BC9CEB8-8B4A-11D0-8D11-00A0C91BC942}") = "NetUnitTests", "src\Common\Net\NetUnitTests.vcproj", "{499A4644-52CA-488F-B42B-25D6ABC70AD2}"
	ProjectSection(ProjectDependencies) = postProject
		{DE128788-21E2-448C-BB5B-40CA58903BAC} = {DE128788-21E2-448C-BB5B-40CA58903BAC}
		{43E36397-B2E6-44BE-AAD2-ED10F228F285} = {43E36397-B2E6-44BE-AAD2-ED10F228F285}
		{DEB517C1-B8B4-481A-A521-F0CAC63AC62B} = {DEB517C1-B8B4-481A-A521-F0CAC63AC62B}
		{C3DD8A73-A25D-46A0-89AF-AAC885262686} = {C3DD8A73-A25D-46A0-89AF-AAC885262686}
		{5E81850B-E6B8-4FCD-83EC-3BBC04736EA9} = {5E81850B-E6B8-4FCD-83EC-3BBC04736EA9}
	EndProjectSection
EndProject
Project("{8BC9CEB8-8B4A-11D0-8D11-00A0C91BC942}") = "cryptlib", "externals\cryptopp\cryptlib.vcproj", "{3423EC9A-52E4-4A4D-9753-EDEBC38785EF}"
EndProject
Project("{8BC9CEB8-8B4A-11D0-8D11-00A0C91BC942}") = "cppunit", "externals\cppunit\src\cppunit\cppunit.vcproj", "{C3DD8A73-A25D-46A0-89AF-AAC885262686}"
EndProject
Global
	GlobalSection(SolutionConfigurationPlatforms) = preSolution
		Debug|Mixed Platforms = Debug|Mixed Platforms
		Release|Mixed Platforms = Release|Mixed Platforms
	EndGlobalSection
	GlobalSection(ProjectConfigurationPlatforms) = postSolution
		{43E36397-B2E6-44BE-AAD2-ED10F228F285}.Debug|Mixed Platforms.ActiveCfg = Debug|Win32
		{43E36397-B2E6-44BE-AAD2-ED10F228F285}.Debug|Mixed Platforms.Build.0 = Debug|Win32
		{43E36397-B2E6-44BE-AAD2-ED10F228F285}.Release|Mixed Platforms.ActiveCfg = Release|Win32
		{43E36397-B2E6-44BE-AAD2-ED10F228F285}.Release|Mixed Platforms.Build.0 = Release|Win32
		{06498701-4459-4045-A31B-F448EF7475C4}.Debug|Mixed Platforms.ActiveCfg = Debug|Win32
		{06498701-4459-4045-A31B-F448EF7475C4}.Debug|Mixed Platforms.Build.0 = Debug|Win32
		{06498701-4459-4045-A31B-F448EF7475C4}.Release|Mixed Platforms.ActiveCfg = Release|Win32
		{06498701-4459-4045-A31B-F448EF7475C4}.Release|Mixed Platforms.Build.0 = Release|Win32
		{DF9B8E13-AD32-4FEA-83CB-5048234FC2F3}.Debug|Mixed Platforms.ActiveCfg = Debug|Any CPU
		{DF9B8E13-AD32-4FEA-83CB-5048234FC2F3}.Debug|Mixed Platforms.Build.0 = Debug|Any CPU
		{DF9B8E13-AD32-4FEA-83CB-5048234FC2F3}.Release|Mixed Platforms.ActiveCfg = Release|Any CPU
		{DF9B8E13-AD32-4FEA-83CB-5048234FC2F3}.Release|Mixed Platforms.Build.0 = Release|Any CPU
		{35414027-D719-4D28-A2B7-EBBF14DFEB20}.Debug|Mixed Platforms.ActiveCfg = Debug|Win32
		{35414027-D719-4D28-A2B7-EBBF14DFEB20}.Debug|Mixed Platforms.Build.0 = Debug|Win32
		{35414027-D719-4D28-A2B7-EBBF14DFEB20}.Release|Mixed Platforms.ActiveCfg = Release|Win32
		{35414027-D719-4D28-A2B7-EBBF14DFEB20}.Release|Mixed Platforms.Build.0 = Release|Win32
		{5E81850B-E6B8-4FCD-83EC-3BBC04736EA9}.Debug|Mixed Platforms.ActiveCfg = Debug|Win32
		{5E81850B-E6B8-4FCD-83EC-3BBC04736EA9}.Debug|Mixed Platforms.Build.0 = Debug|Win32
		{5E81850B-E6B8-4FCD-83EC-3BBC04736EA9}.Release|Mixed Platforms.ActiveCfg = Release|Win32
		{5E81850B-E6B8-4FCD-83EC-3BBC04736EA9}.Release|Mixed Platforms.Build.0 = Release|Win32
		{9EB04870-6DDE-4B03-8D7C-1C39E84635C9}.Debug|Mixed Platforms.ActiveCfg = Debug|Win32
		{9EB04870-6DDE-4B03-8D7C-1C39E84635C9}.Debug|Mixed Platforms.Build.0 = Debug|Win32
		{9EB04870-6DDE-4B03-8D7C-1C39E84635C9}.Release|Mixed Platforms.ActiveCfg = Release|Win32
		{9EB04870-6DDE-4B03-8D7C-1C39E84635C9}.Release|Mixed Platforms.Build.0 = Release|Win32
		{DEB517C1-B8B4-481A-A521-F0CAC63AC62B}.Debug|Mixed Platforms.ActiveCfg = Debug|Win32
		{DEB517C1-B8B4-481A-A521-F0CAC63AC62B}.Debug|Mixed Platforms.Build.0 = Debug|Win32
		{DEB517C1-B8B4-481A-A521-F0CAC63AC62B}.Release|Mixed Platforms.ActiveCfg = Release|Win32
		{DEB517C1-B8B4-481A-A521-F0CAC63AC62B}.Release|Mixed Platforms.Build.0 = Release|Win32
		{E5FC11B0-BE87-445E-8546-CEB1A499A392}.Debug|Mixed Platforms.ActiveCfg = Debug|Win32
		{E5FC11B0-BE87-445E-8546-CEB1A499A392}.Debug|Mixed Platforms.Build.0 = Debug|Win32
		{E5FC11B0-BE87-445E-8546-CEB1A499A392}.Release|Mixed Platforms.ActiveCfg = Release|Win32
		{E5FC11B0-BE87-445E-8546-CEB1A499A392}.Release|Mixed Platforms.Build.0 = Release|Win32
		{E99338AC-7BD1-4F44-90D3-CE1B9DF37564}.Debug|Mixed Platforms.ActiveCfg = Debug|Win32
		{E99338AC-7BD1-4F44-90D3-CE1B9DF37564}.Debug|Mixed Platforms.Build.0 = Debug|Win32
		{E99338AC-7BD1-4F44-90D3-CE1B9DF37564}.Release|Mixed Platforms.ActiveCfg = Release|Win32
		{E99338AC-7BD1-4F44-90D3-CE1B9DF37564}.Release|Mixed Platforms.Build.0 = Release|Win32
		{B69CD67D-AA6F-4861-BA95-B0EE0B60C7EA}.Debug|Mixed Platforms.ActiveCfg = Debug|Win32
		{B69CD67D-AA6F-4861-BA95-B0EE0B60C7EA}.Debug|Mixed Platforms.Build.0 = Debug|Win32
		{B69CD67D-AA6F-4861-BA95-B0EE0B60C7EA}.Release|Mixed Platforms.ActiveCfg = Release|Win32
		{B69CD67D-AA6F-4861-BA95-B0EE0B60C7EA}.Release|Mixed Platforms.Build.0 = Release|Win32
		{E0387F64-619F-4021-B957-670B80527987}.Debug|Mixed Platforms.ActiveCfg = Debug|Win32
		{E0387F64-619F-4021-B957-670B80527987}.Debug|Mixed Platforms.Build.0 = Debug|Win32
		{E0387F64-619F-4021-B957-670B80527987}.Release|Mixed Platforms.ActiveCfg = Release|Win32
		{E0387F64-619F-4021-B957-670B80527987}.Release|Mixed Platforms.Build.0 = Release|Win32
		{2739E0D7-C92F-4CAA-B5E7-9A97750B9F0E}.Debug|Mixed Platforms.ActiveCfg = Debug|Win32
		{2739E0D7-C92F-4CAA-B5E7-9A97750B9F0E}.Debug|Mixed Platforms.Build.0 = Debug|Win32
		{2739E0D7-C92F-4CAA-B5E7-9A97750B9F0E}.Release|Mixed Platforms.ActiveCfg = Release|Win32
		{2739E0D7-C92F-4CAA-B5E7-9A97750B9F0E}.Release|Mixed Platforms.Build.0 = Release|Win32
		{DCBAC59F-7FFC-4991-89E3-DF8B6F711F89}.Debug|Mixed Platforms.ActiveCfg = Debug|Win32
		{DCBAC59F-7FFC-4991-89E3-DF8B6F711F89}.Debug|Mixed Platforms.Build.0 = Debug|Win32
		{DCBAC59F-7FFC-4991-89E3-DF8B6F711F89}.Release|Mixed Platforms.ActiveCfg = Release|Win32
		{DCBAC59F-7FFC-4991-89E3-DF8B6F711F89}.Release|Mixed Platforms.Build.0 = Release|Win32
		{A7F57F29-AEBA-4A55-A35A-ECE2EE59953C}.Debug|Mixed Platforms.ActiveCfg = Debug|Win32
		{A7F57F29-AEBA-4A55-A35A-ECE2EE59953C}.Debug|Mixed Platforms.Build.0 = Debug|Win32
		{A7F57F29-AEBA-4A55-A35A-ECE2EE59953C}.Release|Mixed Platforms.ActiveCfg = Release|Win32
		{A7F57F29-AEBA-4A55-A35A-ECE2EE59953C}.Release|Mixed Platforms.Build.0 = Release|Win32
		{B471E6C8-535C-43DE-AFD9-DA56307B2F03}.Debug|Mixed Platforms.ActiveCfg = Debug|Win32
		{B471E6C8-535C-43DE-AFD9-DA56307B2F03}.Debug|Mixed Platforms.Build.0 = Debug|Win32
		{B471E6C8-535C-43DE-AFD9-DA56307B2F03}.Release|Mixed Platforms.ActiveCfg = Release|Win32
		{B471E6C8-535C-43DE-AFD9-DA56307B2F03}.Release|Mixed Platforms.Build.0 = Release|Win32
		{151CB2CC-7769-4789-A4D0-DFAEE9A9133C}.Debug|Mixed Platforms.ActiveCfg = Debug|Win32
		{151CB2CC-7769-4789-A4D0-DFAEE9A9133C}.Debug|Mixed Platforms.Build.0 = Debug|Win32
		{151CB2CC-7769-4789-A4D0-DFAEE9A9133C}.Release|Mixed Platforms.ActiveCfg = Release|Win32
		{151CB2CC-7769-4789-A4D0-DFAEE9A9133C}.Release|Mixed Platforms.Build.0 = Release|Win32
		{FB47840D-B1DF-4F35-A7B6-9652BFFBBAC8}.Debug|Mixed Platforms.ActiveCfg = Debug|Win32
		{FB47840D-B1DF-4F35-A7B6-9652BFFBBAC8}.Debug|Mixed Platforms.Build.0 = Debug|Win32
		{FB47840D-B1DF-4F35-A7B6-9652BFFBBAC8}.Release|Mixed Platforms.ActiveCfg = Release|Win32
		{FB47840D-B1DF-4F35-A7B6-9652BFFBBAC8}.Release|Mixed Platforms.Build.0 = Release|Win32
		{26651DAC-8C43-448C-B43C-F6286C94FF01}.Debug|Mixed Platforms.ActiveCfg = Debug|Win32
		{26651DAC-8C43-448C-B43C-F6286C94FF01}.Debug|Mixed Platforms.Build.0 = Debug|Win32
		{26651DAC-8C43-448C-B43C-F6286C94FF01}.Release|Mixed Platforms.ActiveCfg = Release|Win32
		{26651DAC-8C43-448C-B43C-F6286C94FF01}.Release|Mixed Platforms.Build.0 = Release|Win32
		{2F132858-75AC-438F-9DBB-8D82C29829DB}.Debug|Mixed Platforms.ActiveCfg = Debug|Win32
		{2F132858-75AC-438F-9DBB-8D82C29829DB}.Debug|Mixed Platforms.Build.0 = Debug|Win32
		{2F132858-75AC-438F-9DBB-8D82C29829DB}.Release|Mixed Platforms.ActiveCfg = Release|Win32
		{2F132858-75AC-438F-9DBB-8D82C29829DB}.Release|Mixed Platforms.Build.0 = Release|Win32
		{6B81385E-E200-4AE7-AF6F-CD1874234CD5}.Debug|Mixed Platforms.ActiveCfg = Debug|Win32
		{6B81385E-E200-4AE7-AF6F-CD1874234CD5}.Debug|Mixed Platforms.Build.0 = Debug|Win32
		{6B81385E-E200-4AE7-AF6F-CD1874234CD5}.Release|Mixed Platforms.ActiveCfg = Release|Win32
		{6B81385E-E200-4AE7-AF6F-CD1874234CD5}.Release|Mixed Platforms.Build.0 = Release|Win32
		{F2BB43B1-AF64-4831-995F-2FF1F21E3701}.Debug|Mixed Platforms.ActiveCfg = Debug|Win32
		{F2BB43B1-AF64-4831-995F-2FF1F21E3701}.Debug|Mixed Platforms.Build.0 = Debug|Win32
		{F2BB43B1-AF64-4831-995F-2FF1F21E3701}.Release|Mixed Platforms.ActiveCfg = Release|Win32
		{F2BB43B1-AF64-4831-995F-2FF1F21E3701}.Release|Mixed Platforms.Build.0 = Release|Win32
		{6F3905B3-43A1-4B22-A08E-34FA3710034D}.Debug|Mixed Platforms.ActiveCfg = Debug|Win32
		{6F3905B3-43A1-4B22-A08E-34FA3710034D}.Debug|Mixed Platforms.Build.0 = Debug|Win32
		{6F3905B3-43A1-4B22-A08E-34FA3710034D}.Release|Mixed Platforms.ActiveCfg = Release|Win32
		{6F3905B3-43A1-4B22-A08E-34FA3710034D}.Release|Mixed Platforms.Build.0 = Release|Win32
		{511835A3-E6E5-48E7-8802-6754FD1709D1}.Debug|Mixed Platforms.ActiveCfg = Debug|Win32
		{511835A3-E6E5-48E7-8802-6754FD1709D1}.Debug|Mixed Platforms.Build.0 = Debug|Win32
		{511835A3-E6E5-48E7-8802-6754FD1709D1}.Release|Mixed Platforms.ActiveCfg = Release|Win32
		{511835A3-E6E5-48E7-8802-6754FD1709D1}.Release|Mixed Platforms.Build.0 = Release|Win32
		{E6CDDD99-D114-4FCD-ACA9-53BCE4DFD11C}.Debug|Mixed Platforms.ActiveCfg = Debug|Win32
		{E6CDDD99-D114-4FCD-ACA9-53BCE4DFD11C}.Debug|Mixed Platforms.Build.0 = Debug|Win32
		{E6CDDD99-D114-4FCD-ACA9-53BCE4DFD11C}.Release|Mixed Platforms.ActiveCfg = Release|Win32
		{E6CDDD99-D114-4FCD-ACA9-53BCE4DFD11C}.Release|Mixed Platforms.Build.0 = Release|Win32
		{2B7492DE-BA9B-46C3-9042-9EB70199457C}.Debug|Mixed Platforms.ActiveCfg = Debug|Win32
		{2B7492DE-BA9B-46C3-9042-9EB70199457C}.Debug|Mixed Platforms.Build.0 = Debug|Win32
		{2B7492DE-BA9B-46C3-9042-9EB70199457C}.Release|Mixed Platforms.ActiveCfg = Release|Win32
		{2B7492DE-BA9B-46C3-9042-9EB70199457C}.Release|Mixed Platforms.Build.0 = Release|Win32
		{7A804CA2-6407-4647-8B02-7ABBD070A03B}.Debug|Mixed Platforms.ActiveCfg = Debug|Win32
		{7A804CA2-6407-4647-8B02-7ABBD070A03B}.Debug|Mixed Platforms.Build.0 = Debug|Win32
		{7A804CA2-6407-4647-8B02-7ABBD070A03B}.Release|Mixed Platforms.ActiveCfg = Release|Win32
		{7A804CA2-6407-4647-8B02-7ABBD070A03B}.Release|Mixed Platforms.Build.0 = Release|Win32
		{DAFA926B-BB4D-4DA0-A4A1-9052880FB41C}.Debug|Mixed Platforms.ActiveCfg = Debug|Win32
		{DAFA926B-BB4D-4DA0-A4A1-9052880FB41C}.Debug|Mixed Platforms.Build.0 = Debug|Win32
		{DAFA926B-BB4D-4DA0-A4A1-9052880FB41C}.Release|Mixed Platforms.ActiveCfg = Release|Win32
		{DAFA926B-BB4D-4DA0-A4A1-9052880FB41C}.Release|Mixed Platforms.Build.0 = Release|Win32
		{F83770F8-CA95-4CD9-9565-6D2965F7553B}.Debug|Mixed Platforms.ActiveCfg = Debug|Win32
		{F83770F8-CA95-4CD9-9565-6D2965F7553B}.Debug|Mixed Platforms.Build.0 = Debug|Win32
		{F83770F8-CA95-4CD9-9565-6D2965F7553B}.Release|Mixed Platforms.ActiveCfg = Release|Win32
		{F83770F8-CA95-4CD9-9565-6D2965F7553B}.Release|Mixed Platforms.Build.0 = Release|Win32
		{6F64F968-54BD-426B-8B8B-0214C0F8593A}.Debug|Mixed Platforms.ActiveCfg = Debug|Win32
		{6F64F968-54BD-426B-8B8B-0214C0F8593A}.Debug|Mixed Platforms.Build.0 = Debug|Win32
		{6F64F968-54BD-426B-8B8B-0214C0F8593A}.Release|Mixed Platforms.ActiveCfg = Release|Win32
		{6F64F968-54BD-426B-8B8B-0214C0F8593A}.Release|Mixed Platforms.Build.0 = Release|Win32
		{F845DD47-B09F-4B7C-ADA3-DE0B894552F9}.Debug|Mixed Platforms.ActiveCfg = Debug|Win32
		{F845DD47-B09F-4B7C-ADA3-DE0B894552F9}.Debug|Mixed Platforms.Build.0 = Debug|Win32
		{F845DD47-B09F-4B7C-ADA3-DE0B894552F9}.Release|Mixed Platforms.ActiveCfg = Release|Win32
		{F845DD47-B09F-4B7C-ADA3-DE0B894552F9}.Release|Mixed Platforms.Build.0 = Release|Win32
		{D4E537CB-AC78-4C3C-986E-D978BEEE9F09}.Debug|Mixed Platforms.ActiveCfg = Debug|Win32
		{D4E537CB-AC78-4C3C-986E-D978BEEE9F09}.Debug|Mixed Platforms.Build.0 = Debug|Win32
		{D4E537CB-AC78-4C3C-986E-D978BEEE9F09}.Release|Mixed Platforms.ActiveCfg = Release|Win32
		{D4E537CB-AC78-4C3C-986E-D978BEEE9F09}.Release|Mixed Platforms.Build.0 = Release|Win32
		{3F8E8BAA-3E6B-466A-A1D2-10444047479F}.Debug|Mixed Platforms.ActiveCfg = Debug|Win32
		{3F8E8BAA-3E6B-466A-A1D2-10444047479F}.Debug|Mixed Platforms.Build.0 = Debug|Win32
		{3F8E8BAA-3E6B-466A-A1D2-10444047479F}.Release|Mixed Platforms.ActiveCfg = Release|Win32
		{3F8E8BAA-3E6B-466A-A1D2-10444047479F}.Release|Mixed Platforms.Build.0 = Release|Win32
		{F2237007-9D91-4FDF-B3B8-711D7CE78B48}.Debug|Mixed Platforms.ActiveCfg = Debug|Win32
		{F2237007-9D91-4FDF-B3B8-711D7CE78B48}.Debug|Mixed Platforms.Build.0 = Debug|Win32
		{F2237007-9D91-4FDF-B3B8-711D7CE78B48}.Release|Mixed Platforms.ActiveCfg = Release|Win32
		{F2237007-9D91-4FDF-B3B8-711D7CE78B48}.Release|Mixed Platforms.Build.0 = Release|Win32
		{B6AC15A8-5EF9-4F89-ACCC-3F5C3FC04BCE}.Debug|Mixed Platforms.ActiveCfg = Debug|x86
		{B6AC15A8-5EF9-4F89-ACCC-3F5C3FC04BCE}.Debug|Mixed Platforms.Build.0 = Debug|x86
		{B6AC15A8-5EF9-4F89-ACCC-3F5C3FC04BCE}.Release|Mixed Platforms.ActiveCfg = Release|x86
		{B6AC15A8-5EF9-4F89-ACCC-3F5C3FC04BCE}.Release|Mixed Platforms.Build.0 = Release|x86
		{69972F7F-F1CF-44AA-8F76-B4A5A4F1B309}.Debug|Mixed Platforms.ActiveCfg = Debug|Any CPU
		{69972F7F-F1CF-44AA-8F76-B4A5A4F1B309}.Debug|Mixed Platforms.Build.0 = Debug|Any CPU
		{69972F7F-F1CF-44AA-8F76-B4A5A4F1B309}.Release|Mixed Platforms.ActiveCfg = Release|Any CPU
		{69972F7F-F1CF-44AA-8F76-B4A5A4F1B309}.Release|Mixed Platforms.Build.0 = Release|Any CPU
		{EBEB02C9-231F-4E46-BBBD-BBFBFDD8205F}.Debug|Mixed Platforms.ActiveCfg = Debug|Any CPU
		{EBEB02C9-231F-4E46-BBBD-BBFBFDD8205F}.Debug|Mixed Platforms.Build.0 = Debug|Any CPU
		{EBEB02C9-231F-4E46-BBBD-BBFBFDD8205F}.Release|Mixed Platforms.ActiveCfg = Release|Any CPU
		{EBEB02C9-231F-4E46-BBBD-BBFBFDD8205F}.Release|Mixed Platforms.Build.0 = Release|Any CPU
		{B52D03FB-A716-40E5-8579-62A2731F9612}.Debug|Mixed Platforms.ActiveCfg = Debug|Any CPU
		{B52D03FB-A716-40E5-8579-62A2731F9612}.Debug|Mixed Platforms.Build.0 = Debug|Any CPU
		{B52D03FB-A716-40E5-8579-62A2731F9612}.Release|Mixed Platforms.ActiveCfg = Release|Any CPU
		{B52D03FB-A716-40E5-8579-62A2731F9612}.Release|Mixed Platforms.Build.0 = Release|Any CPU
		{4FC2091E-2F15-43B1-895A-CD24C818B448}.Debug|Mixed Platforms.ActiveCfg = Debug|Any CPU
		{4FC2091E-2F15-43B1-895A-CD24C818B448}.Debug|Mixed Platforms.Build.0 = Debug|Any CPU
		{4FC2091E-2F15-43B1-895A-CD24C818B448}.Release|Mixed Platforms.ActiveCfg = Release|Any CPU
		{4FC2091E-2F15-43B1-895A-CD24C818B448}.Release|Mixed Platforms.Build.0 = Release|Any CPU
		{D5CA80A5-AF79-48B0-A19F-92E6BF9E2E51}.Debug|Mixed Platforms.ActiveCfg = Debug|Win32
		{D5CA80A5-AF79-48B0-A19F-92E6BF9E2E51}.Debug|Mixed Platforms.Build.0 = Debug|Win32
		{D5CA80A5-AF79-48B0-A19F-92E6BF9E2E51}.Release|Mixed Platforms.ActiveCfg = Release|Win32
		{D5CA80A5-AF79-48B0-A19F-92E6BF9E2E51}.Release|Mixed Platforms.Build.0 = Release|Win32
		{D2B0D733-F308-4B4D-9485-A76BA8DA9160}.Debug|Mixed Platforms.ActiveCfg = Debug|Win32
		{D2B0D733-F308-4B4D-9485-A76BA8DA9160}.Debug|Mixed Platforms.Build.0 = Debug|Win32
		{D2B0D733-F308-4B4D-9485-A76BA8DA9160}.Release|Mixed Platforms.ActiveCfg = Release|Win32
		{D2B0D733-F308-4B4D-9485-A76BA8DA9160}.Release|Mixed Platforms.Build.0 = Release|Win32
		{11434AF7-39AC-4D0B-B35F-D644E30EFDEA}.Debug|Mixed Platforms.ActiveCfg = Debug|x86
		{11434AF7-39AC-4D0B-B35F-D644E30EFDEA}.Debug|Mixed Platforms.Build.0 = Debug|x86
		{11434AF7-39AC-4D0B-B35F-D644E30EFDEA}.Release|Mixed Platforms.ActiveCfg = Release|x86
		{11434AF7-39AC-4D0B-B35F-D644E30EFDEA}.Release|Mixed Platforms.Build.0 = Release|x86
		{EDD4A4AA-6411-46F0-886D-5D6DD363F9F4}.Debug|Mixed Platforms.ActiveCfg = Debug|Win32
		{EDD4A4AA-6411-46F0-886D-5D6DD363F9F4}.Debug|Mixed Platforms.Build.0 = Debug|Win32
		{EDD4A4AA-6411-46F0-886D-5D6DD363F9F4}.Release|Mixed Platforms.ActiveCfg = Release|Win32
		{EDD4A4AA-6411-46F0-886D-5D6DD363F9F4}.Release|Mixed Platforms.Build.0 = Release|Win32
		{C76685B1-6409-499A-95CF-52BD4E0EC78D}.Debug|Mixed Platforms.ActiveCfg = Debug|Win32
		{C76685B1-6409-499A-95CF-52BD4E0EC78D}.Debug|Mixed Platforms.Build.0 = Debug|Win32
		{C76685B1-6409-499A-95CF-52BD4E0EC78D}.Release|Mixed Platforms.ActiveCfg = Release|Win32
		{C76685B1-6409-499A-95CF-52BD4E0EC78D}.Release|Mixed Platforms.Build.0 = Release|Win32
		{E4E769EC-013C-4986-B5D9-0CC419FC714F}.Debug|Mixed Platforms.ActiveCfg = Debug|Any CPU
		{E4E769EC-013C-4986-B5D9-0CC419FC714F}.Debug|Mixed Platforms.Build.0 = Debug|Any CPU
		{E4E769EC-013C-4986-B5D9-0CC419FC714F}.Release|Mixed Platforms.ActiveCfg = Release|Any CPU
		{E4E769EC-013C-4986-B5D9-0CC419FC714F}.Release|Mixed Platforms.Build.0 = Release|Any CPU
		{80701DE1-352A-4D7C-BCCF-203E48D4878E}.Debug|Mixed Platforms.ActiveCfg = Debug|Win32
		{80701DE1-352A-4D7C-BCCF-203E48D4878E}.Debug|Mixed Platforms.Build.0 = Debug|Win32
		{80701DE1-352A-4D7C-BCCF-203E48D4878E}.Release|Mixed Platforms.ActiveCfg = Release|Win32
		{80701DE1-352A-4D7C-BCCF-203E48D4878E}.Release|Mixed Platforms.Build.0 = Release|Win32
		{07F8DAA1-9C28-4BC8-BAB1-53F43C2932DC}.Debug|Mixed Platforms.ActiveCfg = Debug|x86
		{07F8DAA1-9C28-4BC8-BAB1-53F43C2932DC}.Debug|Mixed Platforms.Build.0 = Debug|x86
		{07F8DAA1-9C28-4BC8-BAB1-53F43C2932DC}.Release|Mixed Platforms.ActiveCfg = Release|x86
		{07F8DAA1-9C28-4BC8-BAB1-53F43C2932DC}.Release|Mixed Platforms.Build.0 = Release|x86
		{8CAA26D1-D859-43D6-B6DD-3ABA8D909F44}.Debug|Mixed Platforms.ActiveCfg = Debug|Any CPU
		{8CAA26D1-D859-43D6-B6DD-3ABA8D909F44}.Debug|Mixed Platforms.Build.0 = Debug|Any CPU
		{8CAA26D1-D859-43D6-B6DD-3ABA8D909F44}.Release|Mixed Platforms.ActiveCfg = Release|Any CPU
		{8CAA26D1-D859-43D6-B6DD-3ABA8D909F44}.Release|Mixed Platforms.Build.0 = Release|Any CPU
		{5E99191F-9CA3-40EE-BBAB-6343825C910B}.Debug|Mixed Platforms.ActiveCfg = Debug|Win32
		{5E99191F-9CA3-40EE-BBAB-6343825C910B}.Debug|Mixed Platforms.Build.0 = Debug|Win32
		{5E99191F-9CA3-40EE-BBAB-6343825C910B}.Release|Mixed Platforms.ActiveCfg = Release|Win32
		{5E99191F-9CA3-40EE-BBAB-6343825C910B}.Release|Mixed Platforms.Build.0 = Release|Win32
		{986F0015-2023-4403-90B8-32732DAC6BD6}.Debug|Mixed Platforms.ActiveCfg = Debug|x86
		{986F0015-2023-4403-90B8-32732DAC6BD6}.Debug|Mixed Platforms.Build.0 = Debug|x86
		{986F0015-2023-4403-90B8-32732DAC6BD6}.Release|Mixed Platforms.ActiveCfg = Release|x86
		{986F0015-2023-4403-90B8-32732DAC6BD6}.Release|Mixed Platforms.Build.0 = Release|x86
		{7E8909B4-4A2D-4CA5-9F51-2E178E89F3E5}.Debug|Mixed Platforms.ActiveCfg = Debug|x86
		{7E8909B4-4A2D-4CA5-9F51-2E178E89F3E5}.Debug|Mixed Platforms.Build.0 = Debug|x86
		{7E8909B4-4A2D-4CA5-9F51-2E178E89F3E5}.Release|Mixed Platforms.ActiveCfg = Release|x86
		{7E8909B4-4A2D-4CA5-9F51-2E178E89F3E5}.Release|Mixed Platforms.Build.0 = Release|x86
		{3CFFF22A-C6BC-49C7-B5BC-8F0D7E1AB4ED}.Debug|Mixed Platforms.ActiveCfg = Debug|x86
		{3CFFF22A-C6BC-49C7-B5BC-8F0D7E1AB4ED}.Debug|Mixed Platforms.Build.0 = Debug|x86
		{3CFFF22A-C6BC-49C7-B5BC-8F0D7E1AB4ED}.Release|Mixed Platforms.ActiveCfg = Release|x86
		{3CFFF22A-C6BC-49C7-B5BC-8F0D7E1AB4ED}.Release|Mixed Platforms.Build.0 = Release|x86
		{5038DC15-FE7A-484E-BF8A-D98B88EB4DD4}.Debug|Mixed Platforms.ActiveCfg = Debug|x86
		{5038DC15-FE7A-484E-BF8A-D98B88EB4DD4}.Debug|Mixed Platforms.Build.0 = Debug|x86
		{5038DC15-FE7A-484E-BF8A-D98B88EB4DD4}.Release|Mixed Platforms.ActiveCfg = Release|x86
		{5038DC15-FE7A-484E-BF8A-D98B88EB4DD4}.Release|Mixed Platforms.Build.0 = Release|x86
		{1CE83FFA-30EF-4A2B-A19C-73010FD452EB}.Debug|Mixed Platforms.ActiveCfg = Debug|Any CPU
		{1CE83FFA-30EF-4A2B-A19C-73010FD452EB}.Debug|Mixed Platforms.Build.0 = Debug|Any CPU
		{1CE83FFA-30EF-4A2B-A19C-73010FD452EB}.Release|Mixed Platforms.ActiveCfg = Release|Any CPU
		{1CE83FFA-30EF-4A2B-A19C-73010FD452EB}.Release|Mixed Platforms.Build.0 = Release|Any CPU
		{69470FC0-689E-47CD-91D0-32402B2C2BAE}.Debug|Mixed Platforms.ActiveCfg = Debug|x86
		{69470FC0-689E-47CD-91D0-32402B2C2BAE}.Debug|Mixed Platforms.Build.0 = Debug|x86
		{69470FC0-689E-47CD-91D0-32402B2C2BAE}.Release|Mixed Platforms.ActiveCfg = Release|x86
		{69470FC0-689E-47CD-91D0-32402B2C2BAE}.Release|Mixed Platforms.Build.0 = Release|x86
		{185DCE4F-17A8-4D58-B424-0F11CE22C1FF}.Debug|Mixed Platforms.ActiveCfg = Debug|Win32
		{185DCE4F-17A8-4D58-B424-0F11CE22C1FF}.Debug|Mixed Platforms.Build.0 = Debug|Win32
		{185DCE4F-17A8-4D58-B424-0F11CE22C1FF}.Release|Mixed Platforms.ActiveCfg = Release|Win32
		{185DCE4F-17A8-4D58-B424-0F11CE22C1FF}.Release|Mixed Platforms.Build.0 = Release|Win32
		{90C09633-05E5-43BE-8E86-15A63B8063B0}.Debug|Mixed Platforms.ActiveCfg = Debug|Win32
		{90C09633-05E5-43BE-8E86-15A63B8063B0}.Debug|Mixed Platforms.Build.0 = Debug|Win32
		{90C09633-05E5-43BE-8E86-15A63B8063B0}.Release|Mixed Platforms.ActiveCfg = Release|Win32
		{90C09633-05E5-43BE-8E86-15A63B8063B0}.Release|Mixed Platforms.Build.0 = Release|Win32
		{B040E3BD-CE05-48D7-8F89-D7DE3C0A96AA}.Debug|Mixed Platforms.ActiveCfg = Debug|Win32
		{B040E3BD-CE05-48D7-8F89-D7DE3C0A96AA}.Debug|Mixed Platforms.Build.0 = Debug|Win32
		{B040E3BD-CE05-48D7-8F89-D7DE3C0A96AA}.Release|Mixed Platforms.ActiveCfg = Release|Win32
		{B040E3BD-CE05-48D7-8F89-D7DE3C0A96AA}.Release|Mixed Platforms.Build.0 = Release|Win32
		{C647A012-EB08-4CEC-8509-A1E79AF09B58}.Debug|Mixed Platforms.ActiveCfg = Debug|Win32
		{C647A012-EB08-4CEC-8509-A1E79AF09B58}.Debug|Mixed Platforms.Build.0 = Debug|Win32
		{C647A012-EB08-4CEC-8509-A1E79AF09B58}.Release|Mixed Platforms.ActiveCfg = Release|Win32
		{C647A012-EB08-4CEC-8509-A1E79AF09B58}.Release|Mixed Platforms.Build.0 = Release|Win32
		{7AD44FCC-DC9A-4556-875F-F25DCAB1B9B8}.Debug|Mixed Platforms.ActiveCfg = Debug|Win32
		{7AD44FCC-DC9A-4556-875F-F25DCAB1B9B8}.Debug|Mixed Platforms.Build.0 = Debug|Win32
		{7AD44FCC-DC9A-4556-875F-F25DCAB1B9B8}.Release|Mixed Platforms.ActiveCfg = Release|Win32
		{7AD44FCC-DC9A-4556-875F-F25DCAB1B9B8}.Release|Mixed Platforms.Build.0 = Release|Win32
		{A3E27BD4-FEC8-40CF-B648-3A44B9F4624E}.Debug|Mixed Platforms.ActiveCfg = Debug|x86
		{A3E27BD4-FEC8-40CF-B648-3A44B9F4624E}.Debug|Mixed Platforms.Build.0 = Debug|x86
		{A3E27BD4-FEC8-40CF-B648-3A44B9F4624E}.Release|Mixed Platforms.ActiveCfg = Release|x86
		{A3E27BD4-FEC8-40CF-B648-3A44B9F4624E}.Release|Mixed Platforms.Build.0 = Release|x86
		{E2A2ABE0-F889-4EC4-9550-1991E94F9476}.Debug|Mixed Platforms.ActiveCfg = Debug|Win32
		{E2A2ABE0-F889-4EC4-9550-1991E94F9476}.Debug|Mixed Platforms.Build.0 = Debug|Win32
		{E2A2ABE0-F889-4EC4-9550-1991E94F9476}.Release|Mixed Platforms.ActiveCfg = Release|Win32
		{E2A2ABE0-F889-4EC4-9550-1991E94F9476}.Release|Mixed Platforms.Build.0 = Release|Win32
		{E21A9ADA-F449-49C7-AFA2-82C45BF52970}.Debug|Mixed Platforms.ActiveCfg = Debug|Win32
		{E21A9ADA-F449-49C7-AFA2-82C45BF52970}.Debug|Mixed Platforms.Build.0 = Debug|Win32
		{E21A9ADA-F449-49C7-AFA2-82C45BF52970}.Release|Mixed Platforms.ActiveCfg = Release|Win32
		{E21A9ADA-F449-49C7-AFA2-82C45BF52970}.Release|Mixed Platforms.Build.0 = Release|Win32
		{0C8507E5-DB13-49C3-B840-BF83A61E35B4}.Debug|Mixed Platforms.ActiveCfg = Debug|Any CPU
		{0C8507E5-DB13-49C3-B840-BF83A61E35B4}.Debug|Mixed Platforms.Build.0 = Debug|Any CPU
		{0C8507E5-DB13-49C3-B840-BF83A61E35B4}.Release|Mixed Platforms.ActiveCfg = Release|Any CPU
		{0C8507E5-DB13-49C3-B840-BF83A61E35B4}.Release|Mixed Platforms.Build.0 = Release|Any CPU
		{29A3DC18-5410-45F3-9E0F-A22E184C133F}.Debug|Mixed Platforms.ActiveCfg = Debug|x86
		{29A3DC18-5410-45F3-9E0F-A22E184C133F}.Debug|Mixed Platforms.Build.0 = Debug|x86
		{29A3DC18-5410-45F3-9E0F-A22E184C133F}.Release|Mixed Platforms.ActiveCfg = Release|x86
		{29A3DC18-5410-45F3-9E0F-A22E184C133F}.Release|Mixed Platforms.Build.0 = Release|x86
		{31207FE0-0819-4627-A333-F2E869AB69CD}.Debug|Mixed Platforms.ActiveCfg = Debug|x86
		{31207FE0-0819-4627-A333-F2E869AB69CD}.Debug|Mixed Platforms.Build.0 = Debug|x86
		{31207FE0-0819-4627-A333-F2E869AB69CD}.Release|Mixed Platforms.ActiveCfg = Release|x86
		{31207FE0-0819-4627-A333-F2E869AB69CD}.Release|Mixed Platforms.Build.0 = Release|x86
		{169428E0-70AD-4EB1-8270-8FBF08AAED51}.Debug|Mixed Platforms.ActiveCfg = Debug|Win32
		{169428E0-70AD-4EB1-8270-8FBF08AAED51}.Debug|Mixed Platforms.Build.0 = Debug|Win32
		{169428E0-70AD-4EB1-8270-8FBF08AAED51}.Release|Mixed Platforms.ActiveCfg = Release|Win32
		{169428E0-70AD-4EB1-8270-8FBF08AAED51}.Release|Mixed Platforms.Build.0 = Release|Win32
		{191D042D-DCB2-41C1-9F80-83B42717BE2A}.Debug|Mixed Platforms.ActiveCfg = Debug|Win32
		{191D042D-DCB2-41C1-9F80-83B42717BE2A}.Debug|Mixed Platforms.Build.0 = Debug|Win32
		{191D042D-DCB2-41C1-9F80-83B42717BE2A}.Release|Mixed Platforms.ActiveCfg = Release|Win32
		{191D042D-DCB2-41C1-9F80-83B42717BE2A}.Release|Mixed Platforms.Build.0 = Release|Win32
		{9650B307-4CBB-40D2-B0D7-B366B8679EFF}.Debug|Mixed Platforms.ActiveCfg = Debug|Win32
		{9650B307-4CBB-40D2-B0D7-B366B8679EFF}.Debug|Mixed Platforms.Build.0 = Debug|Win32
		{9650B307-4CBB-40D2-B0D7-B366B8679EFF}.Release|Mixed Platforms.ActiveCfg = Release|Win32
		{9650B307-4CBB-40D2-B0D7-B366B8679EFF}.Release|Mixed Platforms.Build.0 = Release|Win32
		{B1218AF0-A7F0-4503-B181-90A14078B3D1}.Debug|Mixed Platforms.ActiveCfg = Debug|Win32
		{B1218AF0-A7F0-4503-B181-90A14078B3D1}.Debug|Mixed Platforms.Build.0 = Debug|Win32
		{B1218AF0-A7F0-4503-B181-90A14078B3D1}.Release|Mixed Platforms.ActiveCfg = Release|Win32
		{B1218AF0-A7F0-4503-B181-90A14078B3D1}.Release|Mixed Platforms.Build.0 = Release|Win32
		{41DCBD38-A1C4-4497-AA97-89A04716819B}.Debug|Mixed Platforms.ActiveCfg = Debug|Any CPU
		{41DCBD38-A1C4-4497-AA97-89A04716819B}.Debug|Mixed Platforms.Build.0 = Debug|Any CPU
		{41DCBD38-A1C4-4497-AA97-89A04716819B}.Release|Mixed Platforms.ActiveCfg = Release|Any CPU
		{41DCBD38-A1C4-4497-AA97-89A04716819B}.Release|Mixed Platforms.Build.0 = Release|Any CPU
		{4A6765F4-B0AB-4FD2-B94D-488E901FC93A}.Debug|Mixed Platforms.ActiveCfg = Debug|Any CPU
		{4A6765F4-B0AB-4FD2-B94D-488E901FC93A}.Debug|Mixed Platforms.Build.0 = Debug|Any CPU
		{4A6765F4-B0AB-4FD2-B94D-488E901FC93A}.Release|Mixed Platforms.ActiveCfg = Release|Any CPU
		{4A6765F4-B0AB-4FD2-B94D-488E901FC93A}.Release|Mixed Platforms.Build.0 = Release|Any CPU
		{B4D15BF1-E19F-402E-95B2-C321FADF2510}.Debug|Mixed Platforms.ActiveCfg = Debug|x86
		{B4D15BF1-E19F-402E-95B2-C321FADF2510}.Debug|Mixed Platforms.Build.0 = Debug|x86
		{B4D15BF1-E19F-402E-95B2-C321FADF2510}.Release|Mixed Platforms.ActiveCfg = Release|x86
		{B4D15BF1-E19F-402E-95B2-C321FADF2510}.Release|Mixed Platforms.Build.0 = Release|x86
		{3E905290-9CCB-42CB-996A-EE41FE8C0811}.Debug|Mixed Platforms.ActiveCfg = Debug|x86
		{3E905290-9CCB-42CB-996A-EE41FE8C0811}.Debug|Mixed Platforms.Build.0 = Debug|x86
		{3E905290-9CCB-42CB-996A-EE41FE8C0811}.Release|Mixed Platforms.ActiveCfg = Release|x86
		{3E905290-9CCB-42CB-996A-EE41FE8C0811}.Release|Mixed Platforms.Build.0 = Release|x86
		{00B40338-4E1F-422C-A052-5FF8CB8C5158}.Debug|Mixed Platforms.ActiveCfg = Debug|x86
		{00B40338-4E1F-422C-A052-5FF8CB8C5158}.Debug|Mixed Platforms.Build.0 = Debug|x86
		{00B40338-4E1F-422C-A052-5FF8CB8C5158}.Release|Mixed Platforms.ActiveCfg = Release|x86
		{00B40338-4E1F-422C-A052-5FF8CB8C5158}.Release|Mixed Platforms.Build.0 = Release|x86
		{DE128788-21E2-448C-BB5B-40CA58903BAC}.Debug|Mixed Platforms.ActiveCfg = Debug|Win32
		{DE128788-21E2-448C-BB5B-40CA58903BAC}.Debug|Mixed Platforms.Build.0 = Debug|Win32
		{DE128788-21E2-448C-BB5B-40CA58903BAC}.Release|Mixed Platforms.ActiveCfg = Release|Win32
		{DE128788-21E2-448C-BB5B-40CA58903BAC}.Release|Mixed Platforms.Build.0 = Release|Win32
		{499A4644-52CA-488F-B42B-25D6ABC70AD2}.Debug|Mixed Platforms.ActiveCfg = Debug|Win32
		{499A4644-52CA-488F-B42B-25D6ABC70AD2}.Debug|Mixed Platforms.Build.0 = Debug|Win32
		{499A4644-52CA-488F-B42B-25D6ABC70AD2}.Release|Mixed Platforms.ActiveCfg = Release|Win32
		{499A4644-52CA-488F-B42B-25D6ABC70AD2}.Release|Mixed Platforms.Build.0 = Release|Win32
		{3423EC9A-52E4-4A4D-9753-EDEBC38785EF}.Debug|Mixed Platforms.ActiveCfg = Debug|Win32
		{3423EC9A-52E4-4A4D-9753-EDEBC38785EF}.Debug|Mixed Platforms.Build.0 = Debug|Win32
		{3423EC9A-52E4-4A4D-9753-EDEBC38785EF}.Release|Mixed Platforms.ActiveCfg = Release|Win32
		{3423EC9A-52E4-4A4D-9753-EDEBC38785EF}.Release|Mixed Platforms.Build.0 = Release|Win32
		{C3DD8A73-A25D-46A0-89AF-AAC885262686}.Debug|Mixed Platforms.ActiveCfg = Debug|Win32
		{C3DD8A73-A25D-46A0-89AF-AAC885262686}.Debug|Mixed Platforms.Build.0 = Debug|Win32
		{C3DD8A73-A25D-46A0-89AF-AAC885262686}.Release|Mixed Platforms.ActiveCfg = Release|Win32
		{C3DD8A73-A25D-46A0-89AF-AAC885262686}.Release|Mixed Platforms.Build.0 = Release|Win32
	EndGlobalSection
	GlobalSection(SolutionProperties) = preSolution
		HideSolutionNode = FALSE
	EndGlobalSection
	GlobalSection(NestedProjects) = preSolution
		{B67B4B5B-A342-4C17-8B7F-02D668A7871D} = {76D20268-20EB-4E99-B827-A32D2A23BC13}
		{415FA981-123C-4B35-8753-E925F4887709} = {76D20268-20EB-4E99-B827-A32D2A23BC13}
		{CC0EAF2B-2D0A-4B4D-877A-99442B45D0D7} = {76D20268-20EB-4E99-B827-A32D2A23BC13}
		{18DDEBFB-BA89-4A16-84F9-2D5F63DCBEFE} = {76D20268-20EB-4E99-B827-A32D2A23BC13}
		{AC3CF283-6F96-4CB4-9790-0103D7A5EC59} = {76D20268-20EB-4E99-B827-A32D2A23BC13}
		{06498701-4459-4045-A31B-F448EF7475C4} = {B67B4B5B-A342-4C17-8B7F-02D668A7871D}
		{DF9B8E13-AD32-4FEA-83CB-5048234FC2F3} = {B67B4B5B-A342-4C17-8B7F-02D668A7871D}
		{43E36397-B2E6-44BE-AAD2-ED10F228F285} = {B67B4B5B-A342-4C17-8B7F-02D668A7871D}
		{5E81850B-E6B8-4FCD-83EC-3BBC04736EA9} = {B67B4B5B-A342-4C17-8B7F-02D668A7871D}
		{DEB517C1-B8B4-481A-A521-F0CAC63AC62B} = {B67B4B5B-A342-4C17-8B7F-02D668A7871D}
		{E99338AC-7BD1-4F44-90D3-CE1B9DF37564} = {B67B4B5B-A342-4C17-8B7F-02D668A7871D}
		{F83770F8-CA95-4CD9-9565-6D2965F7553B} = {B67B4B5B-A342-4C17-8B7F-02D668A7871D}
		{D4E537CB-AC78-4C3C-986E-D978BEEE9F09} = {B67B4B5B-A342-4C17-8B7F-02D668A7871D}
		{D5CA80A5-AF79-48B0-A19F-92E6BF9E2E51} = {B67B4B5B-A342-4C17-8B7F-02D668A7871D}
		{185DCE4F-17A8-4D58-B424-0F11CE22C1FF} = {B67B4B5B-A342-4C17-8B7F-02D668A7871D}
		{B040E3BD-CE05-48D7-8F89-D7DE3C0A96AA} = {B67B4B5B-A342-4C17-8B7F-02D668A7871D}
		{E2A2ABE0-F889-4EC4-9550-1991E94F9476} = {B67B4B5B-A342-4C17-8B7F-02D668A7871D}
		{9650B307-4CBB-40D2-B0D7-B366B8679EFF} = {B67B4B5B-A342-4C17-8B7F-02D668A7871D}
		{DE128788-21E2-448C-BB5B-40CA58903BAC} = {B67B4B5B-A342-4C17-8B7F-02D668A7871D}
		{038D3510-EDC5-4F27-B056-C1C797CF0027} = {E2F6213E-EBE7-4FDD-A128-C20CE6CCEAD7}
		{E0D11580-B69F-4C20-B1C1-96AD0407BB23} = {E2F6213E-EBE7-4FDD-A128-C20CE6CCEAD7}
		{7BA61576-E4FC-474E-BB6F-75A66BF82ACA} = {E2F6213E-EBE7-4FDD-A128-C20CE6CCEAD7}
		{35414027-D719-4D28-A2B7-EBBF14DFEB20} = {038D3510-EDC5-4F27-B056-C1C797CF0027}
		{9EB04870-6DDE-4B03-8D7C-1C39E84635C9} = {038D3510-EDC5-4F27-B056-C1C797CF0027}
		{E5FC11B0-BE87-445E-8546-CEB1A499A392} = {038D3510-EDC5-4F27-B056-C1C797CF0027}
		{B69CD67D-AA6F-4861-BA95-B0EE0B60C7EA} = {038D3510-EDC5-4F27-B056-C1C797CF0027}
		{E0387F64-619F-4021-B957-670B80527987} = {038D3510-EDC5-4F27-B056-C1C797CF0027}
		{3F8E8BAA-3E6B-466A-A1D2-10444047479F} = {038D3510-EDC5-4F27-B056-C1C797CF0027}
		{D2B0D733-F308-4B4D-9485-A76BA8DA9160} = {038D3510-EDC5-4F27-B056-C1C797CF0027}
		{90C09633-05E5-43BE-8E86-15A63B8063B0} = {038D3510-EDC5-4F27-B056-C1C797CF0027}
		{C647A012-EB08-4CEC-8509-A1E79AF09B58} = {038D3510-EDC5-4F27-B056-C1C797CF0027}
		{7AD44FCC-DC9A-4556-875F-F25DCAB1B9B8} = {038D3510-EDC5-4F27-B056-C1C797CF0027}
		{E21A9ADA-F449-49C7-AFA2-82C45BF52970} = {038D3510-EDC5-4F27-B056-C1C797CF0027}
		{B1218AF0-A7F0-4503-B181-90A14078B3D1} = {038D3510-EDC5-4F27-B056-C1C797CF0027}
		{499A4644-52CA-488F-B42B-25D6ABC70AD2} = {038D3510-EDC5-4F27-B056-C1C797CF0027}
		{FB47840D-B1DF-4F35-A7B6-9652BFFBBAC8} = {6292DB7D-50F0-4519-A232-3BD5547A7F31}
		{3423EC9A-52E4-4A4D-9753-EDEBC38785EF} = {6292DB7D-50F0-4519-A232-3BD5547A7F31}
		{C3DD8A73-A25D-46A0-89AF-AAC885262686} = {6292DB7D-50F0-4519-A232-3BD5547A7F31}
		{2739E0D7-C92F-4CAA-B5E7-9A97750B9F0E} = {415FA981-123C-4B35-8753-E925F4887709}
		{DCBAC59F-7FFC-4991-89E3-DF8B6F711F89} = {415FA981-123C-4B35-8753-E925F4887709}
		{A7F57F29-AEBA-4A55-A35A-ECE2EE59953C} = {E0D11580-B69F-4C20-B1C1-96AD0407BB23}
		{B471E6C8-535C-43DE-AFD9-DA56307B2F03} = {E0D11580-B69F-4C20-B1C1-96AD0407BB23}
		{151CB2CC-7769-4789-A4D0-DFAEE9A9133C} = {CC0EAF2B-2D0A-4B4D-877A-99442B45D0D7}
		{2F132858-75AC-438F-9DBB-8D82C29829DB} = {CC0EAF2B-2D0A-4B4D-877A-99442B45D0D7}
		{F2BB43B1-AF64-4831-995F-2FF1F21E3701} = {CC0EAF2B-2D0A-4B4D-877A-99442B45D0D7}
		{511835A3-E6E5-48E7-8802-6754FD1709D1} = {CC0EAF2B-2D0A-4B4D-877A-99442B45D0D7}
		{2B7492DE-BA9B-46C3-9042-9EB70199457C} = {CC0EAF2B-2D0A-4B4D-877A-99442B45D0D7}
		{DAFA926B-BB4D-4DA0-A4A1-9052880FB41C} = {CC0EAF2B-2D0A-4B4D-877A-99442B45D0D7}
		{F845DD47-B09F-4B7C-ADA3-DE0B894552F9} = {CC0EAF2B-2D0A-4B4D-877A-99442B45D0D7}
		{EDD4A4AA-6411-46F0-886D-5D6DD363F9F4} = {CC0EAF2B-2D0A-4B4D-877A-99442B45D0D7}
		{80701DE1-352A-4D7C-BCCF-203E48D4878E} = {CC0EAF2B-2D0A-4B4D-877A-99442B45D0D7}
		{26651DAC-8C43-448C-B43C-F6286C94FF01} = {7BA61576-E4FC-474E-BB6F-75A66BF82ACA}
		{6B81385E-E200-4AE7-AF6F-CD1874234CD5} = {7BA61576-E4FC-474E-BB6F-75A66BF82ACA}
		{6F3905B3-43A1-4B22-A08E-34FA3710034D} = {7BA61576-E4FC-474E-BB6F-75A66BF82ACA}
		{E6CDDD99-D114-4FCD-ACA9-53BCE4DFD11C} = {7BA61576-E4FC-474E-BB6F-75A66BF82ACA}
		{7A804CA2-6407-4647-8B02-7ABBD070A03B} = {7BA61576-E4FC-474E-BB6F-75A66BF82ACA}
		{6F64F968-54BD-426B-8B8B-0214C0F8593A} = {7BA61576-E4FC-474E-BB6F-75A66BF82ACA}
		{F2237007-9D91-4FDF-B3B8-711D7CE78B48} = {7BA61576-E4FC-474E-BB6F-75A66BF82ACA}
		{C76685B1-6409-499A-95CF-52BD4E0EC78D} = {7BA61576-E4FC-474E-BB6F-75A66BF82ACA}
		{5E99191F-9CA3-40EE-BBAB-6343825C910B} = {7BA61576-E4FC-474E-BB6F-75A66BF82ACA}
		{B5FF8FEF-28DB-4342-BEFF-78A9212BFE22} = {18DDEBFB-BA89-4A16-84F9-2D5F63DCBEFE}
		{0F443B6D-A87D-4096-8B5A-4527CB661E2C} = {18DDEBFB-BA89-4A16-84F9-2D5F63DCBEFE}
		{AFF9F69E-F950-478B-84A8-B019C4892F03} = {18DDEBFB-BA89-4A16-84F9-2D5F63DCBEFE}
		{F51EFE5C-7840-4FA3-A0FC-BD0FAF6C88C7} = {18DDEBFB-BA89-4A16-84F9-2D5F63DCBEFE}
		{ED5B092C-FC55-4042-891A-A7D17CD839C4} = {18DDEBFB-BA89-4A16-84F9-2D5F63DCBEFE}
		{B6AC15A8-5EF9-4F89-ACCC-3F5C3FC04BCE} = {B5FF8FEF-28DB-4342-BEFF-78A9212BFE22}
		{69972F7F-F1CF-44AA-8F76-B4A5A4F1B309} = {B5FF8FEF-28DB-4342-BEFF-78A9212BFE22}
		{EBEB02C9-231F-4E46-BBBD-BBFBFDD8205F} = {D37466C6-70AC-4836-91E3-6FFA40022BE1}
		{B52D03FB-A716-40E5-8579-62A2731F9612} = {D37466C6-70AC-4836-91E3-6FFA40022BE1}
		{4FC2091E-2F15-43B1-895A-CD24C818B448} = {D37466C6-70AC-4836-91E3-6FFA40022BE1}
		{11434AF7-39AC-4D0B-B35F-D644E30EFDEA} = {D37466C6-70AC-4836-91E3-6FFA40022BE1}
		{E4E769EC-013C-4986-B5D9-0CC419FC714F} = {D37466C6-70AC-4836-91E3-6FFA40022BE1}
		{986F0015-2023-4403-90B8-32732DAC6BD6} = {D37466C6-70AC-4836-91E3-6FFA40022BE1}
		{7E8909B4-4A2D-4CA5-9F51-2E178E89F3E5} = {D37466C6-70AC-4836-91E3-6FFA40022BE1}
		{3CFFF22A-C6BC-49C7-B5BC-8F0D7E1AB4ED} = {D37466C6-70AC-4836-91E3-6FFA40022BE1}
		{69470FC0-689E-47CD-91D0-32402B2C2BAE} = {D37466C6-70AC-4836-91E3-6FFA40022BE1}
		{A3E27BD4-FEC8-40CF-B648-3A44B9F4624E} = {D37466C6-70AC-4836-91E3-6FFA40022BE1}
		{31207FE0-0819-4627-A333-F2E869AB69CD} = {D37466C6-70AC-4836-91E3-6FFA40022BE1}
		{41DCBD38-A1C4-4497-AA97-89A04716819B} = {D37466C6-70AC-4836-91E3-6FFA40022BE1}
		{3E905290-9CCB-42CB-996A-EE41FE8C0811} = {D37466C6-70AC-4836-91E3-6FFA40022BE1}
		{00B40338-4E1F-422C-A052-5FF8CB8C5158} = {D37466C6-70AC-4836-91E3-6FFA40022BE1}
		{07F8DAA1-9C28-4BC8-BAB1-53F43C2932DC} = {0F443B6D-A87D-4096-8B5A-4527CB661E2C}
		{8CAA26D1-D859-43D6-B6DD-3ABA8D909F44} = {0F443B6D-A87D-4096-8B5A-4527CB661E2C}
		{5038DC15-FE7A-484E-BF8A-D98B88EB4DD4} = {AFF9F69E-F950-478B-84A8-B019C4892F03}
		{1CE83FFA-30EF-4A2B-A19C-73010FD452EB} = {AFF9F69E-F950-478B-84A8-B019C4892F03}
		{0C8507E5-DB13-49C3-B840-BF83A61E35B4} = {F51EFE5C-7840-4FA3-A0FC-BD0FAF6C88C7}
		{29A3DC18-5410-45F3-9E0F-A22E184C133F} = {F51EFE5C-7840-4FA3-A0FC-BD0FAF6C88C7}
		{169428E0-70AD-4EB1-8270-8FBF08AAED51} = {AC3CF283-6F96-4CB4-9790-0103D7A5EC59}
		{191D042D-DCB2-41C1-9F80-83B42717BE2A} = {AC3CF283-6F96-4CB4-9790-0103D7A5EC59}
		{4A6765F4-B0AB-4FD2-B94D-488E901FC93A} = {ED5B092C-FC55-4042-891A-A7D17CD839C4}
		{B4D15BF1-E19F-402E-95B2-C321FADF2510} = {ED5B092C-FC55-4042-891A-A7D17CD839C4}
	EndGlobalSection
EndGlobal
