<?xml version="1.0" encoding="utf-8"?>
<Project ToolsVersion="4.0" xmlns="http://schemas.microsoft.com/developer/msbuild/2003">
  <ItemGroup>
    <Filter Include="Source Files">
      <UniqueIdentifier>{8a1801e9-8de1-4ed5-b4e5-81280ec45f77}</UniqueIdentifier>
      <Extensions>cpp;c;cxx;rc;def;r;odl;idl;hpj;bat</Extensions>
    </Filter>
    <Filter Include="Header Files">
      <UniqueIdentifier>{c0c1f3b5-e5b8-4d2a-8199-0cd3d02d3be0}</UniqueIdentifier>
      <Extensions>h;hpp;hxx;hm;inl</Extensions>
    </Filter>
  </ItemGroup>
  <ItemGroup>
    <ClCompile Include="Handlers.cpp">
      <Filter>Source Files</Filter>
    </ClCompile>
    <ClCompile Include="MsiDatabase.cpp">
      <Filter>Source Files</Filter>
    </ClCompile>
    <ClCompile Include="MsiHandle.cpp">
      <Filter>Source Files</Filter>
    </ClCompile>
    <ClCompile Include="MsiImpersonatedInstall.cpp">
      <Filter>Source Files</Filter>
    </ClCompile>
    <ClCompile Include="MsiInstall.cpp">
      <Filter>Source Files</Filter>
    </ClCompile>
    <ClCompile Include="MsiPackage.cpp">
      <Filter>Source Files</Filter>
    </ClCompile>
    <ClCompile Include="MsiView.cpp">
      <Filter>Source Files</Filter>
    </ClCompile>
    <ClCompile Include="StdAfx.cpp">
      <Filter>Source Files</Filter>
    </ClCompile>
  </ItemGroup>
  <ItemGroup>
    <ClInclude Include="CaDeclSpecs.h">
      <Filter>Header Files</Filter>
    </ClInclude>
    <ClInclude Include="FlagMaps.h">
      <Filter>Header Files</Filter>
    </ClInclude>
    <ClInclude Include="Handlers.h">
      <Filter>Header Files</Filter>
    </ClInclude>
    <ClInclude Include="Msi.h">
      <Filter>Header Files</Filter>
    </ClInclude>
    <ClInclude Include="MsiDatabase.h">
      <Filter>Header Files</Filter>
    </ClInclude>
    <ClInclude Include="MsiFlags.h">
      <Filter>Header Files</Filter>
    </ClInclude>
    <ClInclude Include="MsiHandle.h">
      <Filter>Header Files</Filter>
    </ClInclude>
    <ClInclude Include="MsiImpersonatedInstall.h">
      <Filter>Header Files</Filter>
    </ClInclude>
    <ClInclude Include="MsiInstall.h">
      <Filter>Header Files</Filter>
    </ClInclude>
    <ClInclude Include="MsiPackage.h">
      <Filter>Header Files</Filter>
    </ClInclude>
    <ClInclude Include="MsiView.h">
      <Filter>Header Files</Filter>
    </ClInclude>
    <ClInclude Include="StdAfx.h">
      <Filter>Header Files</Filter>
    </ClInclude>
  </ItemGroup>
</Project>