<?xml version="1.0" encoding="utf-8"?>
<Project ToolsVersion="4.0" xmlns="http://schemas.microsoft.com/developer/msbuild/2003">
  <ItemGroup>
    <Filter Include="Source Files">
      <UniqueIdentifier>{0c88ac01-286b-4e4d-af97-821f0da967a5}</UniqueIdentifier>
      <Extensions>cpp;c;cxx;rc;def;r;odl;idl;hpj;bat</Extensions>
    </Filter>
    <Filter Include="Header Files">
      <UniqueIdentifier>{af818767-da1b-48f3-8bbb-a99c1fc4ee67}</UniqueIdentifier>
      <Extensions>h;hpp;hxx;hm;inl</Extensions>
    </Filter>
  </ItemGroup>
  <ItemGroup>
    <ClCompile Include="DnsUnitTests.cpp">
      <Filter>Source Files</Filter>
    </ClCompile>
    <ClCompile Include="NetBIOSUnitTests.cpp">
      <Filter>Source Files</Filter>
    </ClCompile>
    <ClCompile Include="SocketUnitTests.cpp">
      <Filter>Source Files</Filter>
    </ClCompile>
    <ClCompile Include="StdAfxUnitTests.cpp">
      <Filter>Source Files</Filter>
    </ClCompile>
    <ClCompile Include="TcpIpUniTests.cpp">
      <Filter>Source Files</Filter>
    </ClCompile>
    <ClCompile Include="WSAStartupUnitTests.cpp">
      <Filter>Source Files</Filter>
    </ClCompile>
  </ItemGroup>
  <ItemGroup>
    <ClInclude Include="DnsUnitTests.h">
      <Filter>Header Files</Filter>
    </ClInclude>
    <ClInclude Include="NetBIOSUnitTests.h">
      <Filter>Header Files</Filter>
    </ClInclude>
    <ClInclude Include="SocketUnitTests.h">
      <Filter>Header Files</Filter>
    </ClInclude>
    <ClInclude Include="StdAfxUnitTests.h">
      <Filter>Header Files</Filter>
    </ClInclude>
    <ClInclude Include="WSAStartupUnitTests.h">
      <Filter>Header Files</Filter>
    </ClInclude>
  </ItemGroup>
</Project>