<?xml version="1.0" encoding="utf-8"?>
<Project ToolsVersion="4.0" xmlns="http://schemas.microsoft.com/developer/msbuild/2003">
  <ItemGroup>
    <Filter Include="Source Files">
      <UniqueIdentifier>{69dbffda-e6a0-49f9-a8f7-5422c5c04c30}</UniqueIdentifier>
      <Extensions>cpp;c;cxx;rc;def;r;odl;idl;hpj;bat</Extensions>
    </Filter>
    <Filter Include="Header Files">
      <UniqueIdentifier>{f9c266fb-4d04-4777-b70f-c013e4c6c803}</UniqueIdentifier>
      <Extensions>h;hpp;hxx;hm;inl</Extensions>
    </Filter>
    <Filter Include="TestData">
      <UniqueIdentifier>{04801c6c-02aa-41bf-b9c4-93d92e6e3bc7}</UniqueIdentifier>
    </Filter>
  </ItemGroup>
  <ItemGroup>
    <ClCompile Include="StdAfxUnitTests.cpp">
      <Filter>Source Files</Filter>
    </ClCompile>
    <ClCompile Include="XmlDocumentUnitTests.cpp">
      <Filter>Source Files</Filter>
    </ClCompile>
    <ClCompile Include="XmlUnitTests.cpp">
      <Filter>Source Files</Filter>
    </ClCompile>
  </ItemGroup>
  <ItemGroup>
    <ResourceCompile Include="XmlUnitTests.rc">
      <Filter>Source Files</Filter>
    </ResourceCompile>
  </ItemGroup>
  <ItemGroup>
    <ClInclude Include="StdAfxUnitTests.h">
      <Filter>Header Files</Filter>
    </ClInclude>
    <ClInclude Include="XmlDocumentUnitTests.h">
      <Filter>Header Files</Filter>
    </ClInclude>
  </ItemGroup>
  <ItemGroup>
    <None Include="TestData\simple.xml">
      <Filter>TestData</Filter>
    </None>
    <None Include="TestData\simple.xsl">
      <Filter>TestData</Filter>
    </None>
    <None Include="TestData\store.xml">
      <Filter>TestData</Filter>
    </None>
  </ItemGroup>
</Project>