<?xml version="1.0" encoding="utf-8"?>
<Project ToolsVersion="4.0" xmlns="http://schemas.microsoft.com/developer/msbuild/2003">
  <ItemGroup>
    <Filter Include="Source Files">
      <UniqueIdentifier>{500704e7-258d-4c16-885f-c534c7dcf1a3}</UniqueIdentifier>
      <Extensions>cpp;c;cxx;rc;def;r;odl;idl;hpj;bat</Extensions>
    </Filter>
    <Filter Include="Header Files">
      <UniqueIdentifier>{dea2abcc-97be-4fb6-addb-a393a112ab97}</UniqueIdentifier>
      <Extensions>h;hpp;hxx;hm;inl</Extensions>
    </Filter>
    <Filter Include="Resource Files">
      <UniqueIdentifier>{14794115-882b-4328-ba50-6f74ec3a3279}</UniqueIdentifier>
      <Extensions>ico;cur;bmp;dlg;rc2;rct;bin;rgs;gif;jpg;jpeg;jpe</Extensions>
    </Filter>
  </ItemGroup>
  <ItemGroup>
    <ClCompile Include="AccessConnectionInfoUnitTests.cpp">
      <Filter>Source Files</Filter>
    </ClCompile>
    <ClCompile Include="AccessDatabaseUnitTests.cpp">
      <Filter>Source Files</Filter>
    </ClCompile>
    <ClCompile Include="BufferUnitTests.cpp">
      <Filter>Source Files</Filter>
    </ClCompile>
    <ClCompile Include="ColumnUnitTests.cpp">
      <Filter>Source Files</Filter>
    </ClCompile>
    <ClCompile Include="ConnectionUnitTests.cpp">
      <Filter>Source Files</Filter>
    </ClCompile>
    <ClCompile Include="DataSourceUnitTests.cpp">
      <Filter>Source Files</Filter>
    </ClCompile>
    <ClCompile Include="HandleUnitTests.cpp">
      <Filter>Source Files</Filter>
    </ClCompile>
    <ClCompile Include="MSSQLConnectionInfoUnitTests.cpp">
      <Filter>Source Files</Filter>
    </ClCompile>
    <ClCompile Include="MSSQLDatabaseFileSpecUnitTests.cpp">
      <Filter>Source Files</Filter>
    </ClCompile>
    <ClCompile Include="MSSQLDatabaseUnitTests.cpp">
      <Filter>Source Files</Filter>
    </ClCompile>
    <ClCompile Include="MSSQLDataFileUnitTests.cpp">
      <Filter>Source Files</Filter>
    </ClCompile>
    <ClCompile Include="OdbcParserTests.cpp">
      <Filter>Source Files</Filter>
    </ClCompile>
    <ClCompile Include="ODBCUnitTests.cpp">
      <Filter>Source Files</Filter>
    </ClCompile>
    <ClCompile Include="ParametersUnitTests.cpp">
      <Filter>Source Files</Filter>
    </ClCompile>
    <ClCompile Include="ParameterUnitTests.cpp">
      <Filter>Source Files</Filter>
    </ClCompile>
    <ClCompile Include="RowSetUnitTests.cpp">
      <Filter>Source Files</Filter>
    </ClCompile>
    <ClCompile Include="StdAfxUnitTests.cpp">
      <Filter>Source Files</Filter>
    </ClCompile>
  </ItemGroup>
  <ItemGroup>
    <ClInclude Include="AccessConnectionInfoUnitTests.h">
      <Filter>Header Files</Filter>
    </ClInclude>
    <ClInclude Include="AccessDatabaseUnitTests.h">
      <Filter>Header Files</Filter>
    </ClInclude>
    <ClInclude Include="BufferUnitTests.h">
      <Filter>Header Files</Filter>
    </ClInclude>
    <ClInclude Include="ColumnUnitTests.h">
      <Filter>Header Files</Filter>
    </ClInclude>
    <ClInclude Include="ConnectionUnitTests.h">
      <Filter>Header Files</Filter>
    </ClInclude>
    <ClInclude Include="DataSourceUnitTests.h">
      <Filter>Header Files</Filter>
    </ClInclude>
    <ClInclude Include="HandleUnitTests.h">
      <Filter>Header Files</Filter>
    </ClInclude>
    <ClInclude Include="MSSQLConnectionInfoUnitTests.h">
      <Filter>Header Files</Filter>
    </ClInclude>
    <ClInclude Include="MSSQLDatabaseFileSpecUnitTests.h">
      <Filter>Header Files</Filter>
    </ClInclude>
    <ClInclude Include="MSSQLDatabaseUnitTests.h">
      <Filter>Header Files</Filter>
    </ClInclude>
    <ClInclude Include="MSSQLDataFileUnitTests.h">
      <Filter>Header Files</Filter>
    </ClInclude>
    <ClInclude Include="OdbcParserTests.h">
      <Filter>Header Files</Filter>
    </ClInclude>
    <ClInclude Include="ParametersUnitTests.h">
      <Filter>Header Files</Filter>
    </ClInclude>
    <ClInclude Include="ParameterUnitTests.h">
      <Filter>Header Files</Filter>
    </ClInclude>
    <ClInclude Include="RowSetUnitTests.h">
      <Filter>Header Files</Filter>
    </ClInclude>
    <ClInclude Include="StdAfxUnitTests.h">
      <Filter>Header Files</Filter>
    </ClInclude>
  </ItemGroup>
</Project>