<?xml version="1.0" encoding="utf-8"?>
<Project ToolsVersion="4.0" xmlns="http://schemas.microsoft.com/developer/msbuild/2003">
  <ItemGroup>
    <Filter Include="Source Files">
      <UniqueIdentifier>{ca5d8c65-a8f4-494a-b189-1be3fbd8b25a}</UniqueIdentifier>
      <Extensions>cpp;c;cxx;rc;def;r;odl;idl;hpj;bat</Extensions>
    </Filter>
    <Filter Include="Header Files">
      <UniqueIdentifier>{6f9c8504-3b79-4e57-bbc5-3004aabdceb4}</UniqueIdentifier>
      <Extensions>h;hpp;hxx;hm;inl</Extensions>
    </Filter>
  </ItemGroup>
  <ItemGroup>
    <ClCompile Include="Account.cpp">
      <Filter>Source Files</Filter>
    </ClCompile>
    <ClCompile Include="ImpersonatedUser.cpp">
      <Filter>Source Files</Filter>
    </ClCompile>
    <ClCompile Include="LocalGroup.cpp">
      <Filter>Source Files</Filter>
    </ClCompile>
    <ClCompile Include="LoggedOnUser.cpp">
      <Filter>Source Files</Filter>
    </ClCompile>
    <ClCompile Include="LSAPolicy.cpp">
      <Filter>Source Files</Filter>
    </ClCompile>
    <ClCompile Include="LSAUnicodeString.cpp">
      <Filter>Source Files</Filter>
    </ClCompile>
    <ClCompile Include="Privilege.cpp">
      <Filter>Source Files</Filter>
    </ClCompile>
    <ClCompile Include="Process.cpp">
      <Filter>Source Files</Filter>
    </ClCompile>
    <ClCompile Include="ProcessToken.cpp">
      <Filter>Source Files</Filter>
    </ClCompile>
    <ClCompile Include="Sid.cpp">
      <Filter>Source Files</Filter>
    </ClCompile>
    <ClCompile Include="StdAfx.cpp">
      <Filter>Source Files</Filter>
    </ClCompile>
  </ItemGroup>
  <ItemGroup>
    <ClInclude Include="Account.h">
      <Filter>Header Files</Filter>
    </ClInclude>
    <ClInclude Include="ImpersonatedUser.h">
      <Filter>Header Files</Filter>
    </ClInclude>
    <ClInclude Include="LocalGroup.h">
      <Filter>Header Files</Filter>
    </ClInclude>
    <ClInclude Include="LoggedOnUser.h">
      <Filter>Header Files</Filter>
    </ClInclude>
    <ClInclude Include="LSA.h">
      <Filter>Header Files</Filter>
    </ClInclude>
    <ClInclude Include="LSAPolicy.h">
      <Filter>Header Files</Filter>
    </ClInclude>
    <ClInclude Include="LSAUnicodeString.h">
      <Filter>Header Files</Filter>
    </ClInclude>
    <ClInclude Include="Privilege.h">
      <Filter>Header Files</Filter>
    </ClInclude>
    <ClInclude Include="Process.h">
      <Filter>Header Files</Filter>
    </ClInclude>
    <ClInclude Include="ProcessToken.h">
      <Filter>Header Files</Filter>
    </ClInclude>
    <ClInclude Include="Sid.h">
      <Filter>Header Files</Filter>
    </ClInclude>
    <ClInclude Include="StdAfx.h">
      <Filter>Header Files</Filter>
    </ClInclude>
  </ItemGroup>
</Project>