<?xml version="1.0" encoding="utf-8"?>
<Project ToolsVersion="4.0" xmlns="http://schemas.microsoft.com/developer/msbuild/2003">
  <ItemGroup>
    <Filter Include="Source Files">
      <UniqueIdentifier>{83883fc4-cd89-41c1-8cf9-7200e9ed224e}</UniqueIdentifier>
      <Extensions>cpp;c;cxx;rc;def;r;odl;idl;hpj;bat</Extensions>
    </Filter>
    <Filter Include="Header Files">
      <UniqueIdentifier>{a048148f-aa8f-44ff-b08d-f14a07c98612}</UniqueIdentifier>
      <Extensions>h;hpp;hxx;hm;inl</Extensions>
    </Filter>
  </ItemGroup>
  <ItemGroup>
    <ClCompile Include="AccountUnitTests.cpp">
      <Filter>Source Files</Filter>
    </ClCompile>
    <ClCompile Include="ImpersonatedUserUnitTests.cpp">
      <Filter>Source Files</Filter>
    </ClCompile>
    <ClCompile Include="LocalGroupUnitTests.cpp">
      <Filter>Source Files</Filter>
    </ClCompile>
    <ClCompile Include="LoggedOnUserUnitTests.cpp">
      <Filter>Source Files</Filter>
    </ClCompile>
    <ClCompile Include="LSAPolicyUnitTests.cpp">
      <Filter>Source Files</Filter>
    </ClCompile>
    <ClCompile Include="LSAUnicodeStringUnitTests.cpp">
      <Filter>Source Files</Filter>
    </ClCompile>
    <ClCompile Include="LsaUnitTests.cpp">
      <Filter>Source Files</Filter>
    </ClCompile>
    <ClCompile Include="PrivilegeUnitTests.cpp">
      <Filter>Source Files</Filter>
    </ClCompile>
    <ClCompile Include="ProcessTokenUnitTests.cpp">
      <Filter>Source Files</Filter>
    </ClCompile>
    <ClCompile Include="ProcessUnitTests.cpp">
      <Filter>Source Files</Filter>
    </ClCompile>
    <ClCompile Include="SidUnitTests.cpp">
      <Filter>Source Files</Filter>
    </ClCompile>
    <ClCompile Include="StdAfxUnitTests.cpp">
      <Filter>Source Files</Filter>
    </ClCompile>
  </ItemGroup>
  <ItemGroup>
    <ResourceCompile Include="LsaUnitTests.rc">
      <Filter>Source Files</Filter>
    </ResourceCompile>
  </ItemGroup>
  <ItemGroup>
    <ClInclude Include="AccountUnitTests.h">
      <Filter>Header Files</Filter>
    </ClInclude>
    <ClInclude Include="ImpersonatedUserUnitTests.h">
      <Filter>Header Files</Filter>
    </ClInclude>
    <ClInclude Include="LocalGroupUnitTests.h">
      <Filter>Header Files</Filter>
    </ClInclude>
    <ClInclude Include="LoggedOnUserUnitTests.h">
      <Filter>Header Files</Filter>
    </ClInclude>
    <ClInclude Include="LSAPolicyUnitTests.h">
      <Filter>Header Files</Filter>
    </ClInclude>
    <ClInclude Include="LSAUnicodeStringUnitTests.h">
      <Filter>Header Files</Filter>
    </ClInclude>
    <ClInclude Include="PrivilegeUnitTests.h">
      <Filter>Header Files</Filter>
    </ClInclude>
    <ClInclude Include="ProcessTokenUnitTests.h">
      <Filter>Header Files</Filter>
    </ClInclude>
    <ClInclude Include="ProcessUnitTests.h">
      <Filter>Header Files</Filter>
    </ClInclude>
    <ClInclude Include="SidUnitTests.h">
      <Filter>Header Files</Filter>
    </ClInclude>
    <ClInclude Include="StdAfxUnitTests.h">
      <Filter>Header Files</Filter>
    </ClInclude>
  </ItemGroup>
</Project>