<?xml version="1.0" encoding="utf-8"?>
<Project ToolsVersion="4.0" xmlns="http://schemas.microsoft.com/developer/msbuild/2003">
  <ItemGroup>
    <Filter Include="Source Files">
      <UniqueIdentifier>{3b85ff62-64bd-4072-9f94-688c7e44a632}</UniqueIdentifier>
      <Extensions>cpp;c;cxx;rc;def;r;odl;idl;hpj;bat</Extensions>
    </Filter>
    <Filter Include="Header Files">
      <UniqueIdentifier>{f08776ec-27ee-416c-9cd9-1774ac812225}</UniqueIdentifier>
      <Extensions>h;hpp;hxx;hm;inl</Extensions>
    </Filter>
  </ItemGroup>
  <ItemGroup>
    <ClCompile Include="CryptoPPImplUnitTests.cpp">
      <Filter>Source Files</Filter>
    </ClCompile>
    <ClCompile Include="CryptoPPUnitTests.cpp">
      <Filter>Source Files</Filter>
    </ClCompile>
    <ClCompile Include="CryptUnitTests.cpp">
      <Filter>Source Files</Filter>
    </ClCompile>
    <ClCompile Include="DPAPIImplUnitTests.cpp">
      <Filter>Source Files</Filter>
    </ClCompile>
    <ClCompile Include="MicrosoftCryptProviderUnitTests.cpp">
      <Filter>Source Files</Filter>
    </ClCompile>
    <ClCompile Include="StdAfxUnitTests.cpp">
      <Filter>Source Files</Filter>
    </ClCompile>
  </ItemGroup>
  <ItemGroup>
    <ClInclude Include="CryptoPPImplUnitTests.h">
      <Filter>Header Files</Filter>
    </ClInclude>
    <ClInclude Include="CryptoPPUnitTests.h">
      <Filter>Header Files</Filter>
    </ClInclude>
    <ClInclude Include="DPAPIImplUnitTests.h">
      <Filter>Header Files</Filter>
    </ClInclude>
    <ClInclude Include="MicrosoftCryptProviderUnitTests.h">
      <Filter>Header Files</Filter>
    </ClInclude>
    <ClInclude Include="StdAfxUnitTests.h">
      <Filter>Header Files</Filter>
    </ClInclude>
  </ItemGroup>
</Project>